<?xml version="1.0" encoding="utf-8"?>
<Project ToolsVersion="4.0" xmlns="http://schemas.microsoft.com/developer/msbuild/2003">
  <ItemGroup>
    <Filter Include="App">
      <UniqueIdentifier>{4FC737F1-C7A5-4376-A066-2A32D752A2FF}</UniqueIdentifier>
      <Extensions>cpp;c;cc;cxx;c++;def;odl;idl;hpj;bat;asm;asmx</Extensions>
    </Filter>
    <Filter Include="Resource">
      <UniqueIdentifier>{67DA6AB6-F800-4c08-8B7A-83BB121AAD01}</UniqueIdentifier>
      <Extensions>rc;ico;cur;bmp;dlg;rc2;rct;bin;rgs;gif;jpg;jpeg;jpe;resx;tiff;tif;png;wav;mfcribbon-ms</Extensions>
    </Filter>
    <Filter Include="Classes">
      <UniqueIdentifier>{93995380-89BD-4b04-88EB-625FBE52EBFB}</UniqueIdentifier>
      <Extensions>h;hh;hpp;hxx;h++;hm;inl;inc;ipp;xsd</Extensions>
    </Filter>
    <Filter Include="BDUIKit">
      <UniqueIdentifier>{93de9374-cb55-4916-b337-dd9b6f296ac3}</UniqueIdentifier>
    </Filter>
    <Filter Include="Window">
      <UniqueIdentifier>{da5e40b3-562e-44f7-a180-39f880277028}</UniqueIdentifier>
    </Filter>
    <Filter Include="Resource\bitmap">
      <UniqueIdentifier>{127374aa-9025-432c-9827-59e6a049e652}</UniqueIdentifier>
    </Filter>
    <Filter Include="socket.io-client">
      <UniqueIdentifier>{0267c804-8ccf-4c7c-bdd9-209d6307398e}</UniqueIdentifier>
    </Filter>
    <Filter Include="MeetingManager">
      <UniqueIdentifier>{65148803-006d-4d27-9abc-a465c6673ad0}</UniqueIdentifier>
    </Filter>
    <Filter Include="jsoncpp">
      <UniqueIdentifier>{ef294747-eb58-4685-82d8-f255d8aa6db2}</UniqueIdentifier>
    </Filter>
    <Filter Include="MessageBus">
      <UniqueIdentifier>{0e728c86-e79a-40d2-a672-aeb0d551f84c}</UniqueIdentifier>
    </Filter>
    <Filter Include="utils">
      <UniqueIdentifier>{204212e5-9639-4964-a499-5273171bb9f1}</UniqueIdentifier>
    </Filter>
  </ItemGroup>
  <ItemGroup>
    <ClInclude Include="Resource.h">
      <Filter>Resource</Filter>
    </ClInclude>
    <ClInclude Include="framework.h">
      <Filter>Resource</Filter>
    </ClInclude>
    <ClInclude Include="targetver.h">
      <Filter>Resource</Filter>
    </ClInclude>
    <ClInclude Include="EngineWrapper.h">
      <Filter>Classes</Filter>
    </ClInclude>
    <ClInclude Include="BDUIKit\BDBase.h">
      <Filter>BDUIKit</Filter>
    </ClInclude>
    <ClInclude Include="BDUIKit\BDCrack.h">
      <Filter>BDUIKit</Filter>
    </ClInclude>
    <ClInclude Include="BDUIKit\BDCtrl.h">
      <Filter>BDUIKit</Filter>
    </ClInclude>
    <ClInclude Include="BDUIKit\BDGDI.h">
      <Filter>BDUIKit</Filter>
    </ClInclude>
    <ClInclude Include="BDUIKit\BDMsg.h">
      <Filter>BDUIKit</Filter>
    </ClInclude>
    <ClInclude Include="BDUIKit\BDPool.h">
      <Filter>BDUIKit</Filter>
    </ClInclude>
    <ClInclude Include="BDUIKit\BDThunk.h">
      <Filter>BDUIKit</Filter>
    </ClInclude>
    <ClInclude Include="BDUIKit\BDWnd.h">
      <Filter>BDUIKit</Filter>
    </ClInclude>
    <ClInclude Include="BDUIKit\BDWinApp.h">
      <Filter>BDUIKit</Filter>
    </ClInclude>
    <ClInclude Include="BDUIKit\BDMisc.h">
      <Filter>BDUIKit</Filter>
    </ClInclude>
    <ClInclude Include="BDControlWnd.h">
      <Filter>Window</Filter>
    </ClInclude>
    <ClInclude Include="BDUserWnd.h">
      <Filter>Window</Filter>
    </ClInclude>
    <ClInclude Include="ByteMessage.h">
      <Filter>Classes</Filter>
    </ClInclude>
    <ClInclude Include="BDSettingWnd.h">
      <Filter>Window</Filter>
    </ClInclude>
    <ClInclude Include="BDTopBarWnd.h">
      <Filter>Window</Filter>
    </ClInclude>
    <ClInclude Include="BDUIKit\BDButton.h">
      <Filter>BDUIKit</Filter>
    </ClInclude>
    <ClInclude Include="Utils.h">
      <Filter>Classes</Filter>
    </ClInclude>
    <ClInclude Include="BDFeedbackWnd.h">
      <Filter>Window</Filter>
    </ClInclude>
    <ClInclude Include="BDRateWnd.h">
      <Filter>Window</Filter>
    </ClInclude>
    <ClInclude Include="ByteAppConfig.h">
      <Filter>Classes</Filter>
    </ClInclude>
    <ClInclude Include="BDAVInfoWnd.h">
      <Filter>Window</Filter>
    </ClInclude>
    <ClInclude Include="BDWarningWnd.h">
      <Filter>Window</Filter>
    </ClInclude>
    <ClInclude Include="BDMainContainerFrame.h">
      <Filter>Window</Filter>
    </ClInclude>
    <ClInclude Include="BDSnapshotWnd.h">
      <Filter>Window</Filter>
    </ClInclude>
    <ClInclude Include="BDSnapshotVScrollWnd.h">
      <Filter>Window</Filter>
    </ClInclude>
    <ClInclude Include="BDUsersVScrollWnd.h">
      <Filter>Window</Filter>
    </ClInclude>
    <ClInclude Include="BDSnapshotFocusWnd.h">
      <Filter>Window</Filter>
    </ClInclude>
    <ClInclude Include="BDUserVideoViewWnd.h">
      <Filter>Window</Filter>
    </ClInclude>
    <ClInclude Include="BDLeaveWnd.h">
      <Filter>Window</Filter>
    </ClInclude>
    <ClInclude Include="BDUserFocusWnd.h">
      <Filter>Window</Filter>
    </ClInclude>
    <ClInclude Include="BDUserTitleWnd.h">
      <Filter>Window</Filter>
    </ClInclude>
    <ClInclude Include="BDTipsWnd.h">
      <Filter>Window</Filter>
    </ClInclude>
    <ClInclude Include="socket.io-client-cpp\src\sio_client.h">
      <Filter>socket.io-client</Filter>
    </ClInclude>
    <ClInclude Include="meeting-manager\MeetingManager.h">
      <Filter>MeetingManager</Filter>
    </ClInclude>
    <ClInclude Include="meeting-manager\connection_manager.h">
      <Filter>MeetingManager</Filter>
    </ClInclude>
    <ClInclude Include="meeting-manager\wss_connector.h">
      <Filter>MeetingManager</Filter>
    </ClInclude>
    <ClInclude Include="meeting-manager\IMeetingNotification.h">
      <Filter>MeetingManager</Filter>
    </ClInclude>
    <ClInclude Include="jsoncpp\include\json\allocator.h">
      <Filter>jsoncpp</Filter>
    </ClInclude>
    <ClInclude Include="jsoncpp\include\json\assertions.h">
      <Filter>jsoncpp</Filter>
    </ClInclude>
    <ClInclude Include="jsoncpp\include\json\config.h">
      <Filter>jsoncpp</Filter>
    </ClInclude>
    <ClInclude Include="jsoncpp\include\json\forwards.h">
      <Filter>jsoncpp</Filter>
    </ClInclude>
    <ClInclude Include="jsoncpp\include\json\json.h">
      <Filter>jsoncpp</Filter>
    </ClInclude>
    <ClInclude Include="jsoncpp\include\json\json_features.h">
      <Filter>jsoncpp</Filter>
    </ClInclude>
    <ClInclude Include="jsoncpp\include\json\reader.h">
      <Filter>jsoncpp</Filter>
    </ClInclude>
    <ClInclude Include="jsoncpp\include\json\value.h">
      <Filter>jsoncpp</Filter>
    </ClInclude>
    <ClInclude Include="jsoncpp\include\json\version.h">
      <Filter>jsoncpp</Filter>
    </ClInclude>
    <ClInclude Include="jsoncpp\include\json\writer.h">
      <Filter>jsoncpp</Filter>
    </ClInclude>
    <ClInclude Include="jsoncpp\src\lib_json\json_tool.h">
      <Filter>jsoncpp</Filter>
    </ClInclude>
    <ClInclude Include="bus\byte_basic_event_queue.h">
      <Filter>MessageBus</Filter>
    </ClInclude>
    <ClInclude Include="bus\byte_basic_item_dispatcher.h">
      <Filter>MessageBus</Filter>
    </ClInclude>
    <ClInclude Include="bus\byte_basic_location_type.h">
      <Filter>MessageBus</Filter>
    </ClInclude>
    <ClInclude Include="bus\byte_basic_message.h">
      <Filter>MessageBus</Filter>
    </ClInclude>
    <ClInclude Include="bus\byte_basic_message_bus.h">
      <Filter>MessageBus</Filter>
    </ClInclude>
    <ClInclude Include="bus\byte_basic_rwlock.h">
      <Filter>MessageBus</Filter>
    </ClInclude>
    <ClInclude Include="bus\byte_basic_string_util.h">
      <Filter>MessageBus</Filter>
    </ClInclude>
    <ClInclude Include="bus\byte_basic_task_queue.h">
      <Filter>MessageBus</Filter>
    </ClInclude>
    <ClInclude Include="bus\byte_basic_task_queue_pool.h">
      <Filter>MessageBus</Filter>
    </ClInclude>
    <ClInclude Include="bus\byte_basic_weak_handler.h">
      <Filter>MessageBus</Filter>
    </ClInclude>
    <ClInclude Include="utils\json_util.h">
      <Filter>utils</Filter>
    </ClInclude>
    <ClInclude Include="BDMessageWnd.h">
      <Filter>Window</Filter>
    </ClInclude>
    <ClInclude Include="BDBubbleTipWnd.h">
      <Filter>Window</Filter>
    </ClInclude>
    <ClInclude Include="BDUIKit\BDPngButton.h">
      <Filter>BDUIKit</Filter>
    </ClInclude>
    <ClInclude Include="BDMaskWnd.h">
      <Filter>Window</Filter>
    </ClInclude>
    <ClInclude Include="BDMeetingLoginWnd.h">
      <Filter>Window</Filter>
    </ClInclude>
    <ClInclude Include="BDUserLoginWnd.h">
      <Filter>Window</Filter>
    </ClInclude>
    <ClInclude Include="BDUIKit\BDComboxEx.h">
      <Filter>BDUIKit</Filter>
    </ClInclude>
  </ItemGroup>
  <ItemGroup>
    <ClCompile Include="EngineWrapper.cpp">
      <Filter>Classes</Filter>
    </ClCompile>
    <ClCompile Include="main.cpp">
      <Filter>App</Filter>
    </ClCompile>
    <ClCompile Include="BDUIKit\BDWinApp.cpp">
      <Filter>BDUIKit</Filter>
    </ClCompile>
    <ClCompile Include="Utils.cpp">
      <Filter>Classes</Filter>
    </ClCompile>
    <ClCompile Include="socket.io-client-cpp\src\internal\sio_client_impl.cpp">
      <Filter>socket.io-client</Filter>
    </ClCompile>
    <ClCompile Include="socket.io-client-cpp\src\internal\sio_packet.cpp">
      <Filter>socket.io-client</Filter>
    </ClCompile>
    <ClCompile Include="socket.io-client-cpp\src\sio_client.cpp">
      <Filter>socket.io-client</Filter>
    </ClCompile>
    <ClCompile Include="socket.io-client-cpp\src\sio_socket.cpp">
      <Filter>socket.io-client</Filter>
    </ClCompile>
    <ClCompile Include="meeting-manager\connection_manager.cc">
      <Filter>MeetingManager</Filter>
    </ClCompile>
    <ClCompile Include="meeting-manager\wss_connector.cc">
      <Filter>MeetingManager</Filter>
    </ClCompile>
    <ClCompile Include="meeting-manager\MeetingManager.cpp">
      <Filter>MeetingManager</Filter>
    </ClCompile>
    <ClCompile Include="jsoncpp\src\lib_json\json_reader.cpp">
      <Filter>jsoncpp</Filter>
    </ClCompile>
    <ClCompile Include="jsoncpp\src\lib_json\json_value.cpp">
      <Filter>jsoncpp</Filter>
    </ClCompile>
    <ClCompile Include="jsoncpp\src\lib_json\json_writer.cpp">
      <Filter>jsoncpp</Filter>
    </ClCompile>
    <ClCompile Include="bus\byte_basic_location_type.cc">
      <Filter>MessageBus</Filter>
    </ClCompile>
    <ClCompile Include="bus\byte_basic_message_bus.cc">
      <Filter>MessageBus</Filter>
    </ClCompile>
    <ClCompile Include="bus\byte_basic_task_queue.cc">
      <Filter>MessageBus</Filter>
    </ClCompile>
    <ClCompile Include="bus\byte_basic_task_queue_pool.cc">
      <Filter>MessageBus</Filter>
    </ClCompile>
    <ClCompile Include="utils\json_util.cc">
      <Filter>utils</Filter>
    </ClCompile>
    <ClCompile Include="MeetingHanlder.cpp">
      <Filter>Window</Filter>
    </ClCompile>
    <ClCompile Include="ByteAppConfig.cpp">
      <Filter>Classes</Filter>
    </ClCompile>
  </ItemGroup>
  <ItemGroup>
    <ResourceCompile Include="ByteRTCStart.rc">
      <Filter>Resource</Filter>
    </ResourceCompile>
  </ItemGroup>
  <ItemGroup>
    <Image Include="small.ico">
      <Filter>Resource</Filter>
    </Image>
    <Image Include="ByteRTCStart.ico">
      <Filter>Resource</Filter>
    </Image>
    <Image Include="res\audio.bmp">
      <Filter>Resource\bitmap</Filter>
    </Image>
    <Image Include="res\audio_disable.bmp">
      <Filter>Resource\bitmap</Filter>
    </Image>
    <Image Include="res\audio_hover.bmp">
      <Filter>Resource\bitmap</Filter>
    </Image>
    <Image Include="res\audio_white.bmp">
      <Filter>Resource\bitmap</Filter>
    </Image>
    <Image Include="res\audio_white_disable.bmp">
      <Filter>Resource\bitmap</Filter>
    </Image>
    <Image Include="res\hangup.bmp">
      <Filter>Resource\bitmap</Filter>
    </Image>
    <Image Include="res\hangup_hover.bmp">
      <Filter>Resource\bitmap</Filter>
    </Image>
    <Image Include="res\setting.bmp">
      <Filter>Resource\bitmap</Filter>
    </Image>
    <Image Include="res\setting_hover.bmp">
      <Filter>Resource\bitmap</Filter>
    </Image>
    <Image Include="res\user.bmp">
      <Filter>Resource\bitmap</Filter>
    </Image>
    <Image Include="res\user_hover.bmp">
      <Filter>Resource\bitmap</Filter>
    </Image>
    <Image Include="res\video_hover.bmp">
      <Filter>Resource\bitmap</Filter>
    </Image>
    <Image Include="res\video_disable.bmp">
      <Filter>Resource\bitmap</Filter>
    </Image>
    <Image Include="res\video.bmp">
      <Filter>Resource\bitmap</Filter>
    </Image>
    <Image Include="res\video_white.bmp">
      <Filter>Resource\bitmap</Filter>
    </Image>
    <Image Include="res\video_white_disable.bmp">
      <Filter>Resource\bitmap</Filter>
    </Image>
    <Image Include="res\bitmap3.bmp">
      <Filter>Resource</Filter>
    </Image>
    <Image Include="res\head.bmp">
      <Filter>Resource</Filter>
    </Image>
    <Image Include="res\user_audio.bmp">
      <Filter>Resource</Filter>
    </Image>
    <Image Include="res\user_audio2.bmp">
      <Filter>Resource</Filter>
    </Image>
    <Image Include="res\user_video.bmp">
      <Filter>Resource</Filter>
    </Image>
    <Image Include="res\user_video2.bmp">
      <Filter>Resource</Filter>
    </Image>
    <Image Include="res\close.bmp">
      <Filter>Resource</Filter>
    </Image>
    <Image Include="res\sclose.bmp">
      <Filter>Resource</Filter>
    </Image>
    <Image Include="res\check.bmp">
      <Filter>Resource</Filter>
    </Image>
    <Image Include="res\check2.bmp">
      <Filter>Resource</Filter>
    </Image>
    <Image Include="res\warn.bmp">
      <Filter>Resource</Filter>
    </Image>
    <Image Include="res\tipclose.bmp">
      <Filter>Resource</Filter>
    </Image>
    <Image Include="res\good_normal.bmp">
      <Filter>Resource</Filter>
    </Image>
    <Image Include="res\good_hover.bmp">
      <Filter>Resource</Filter>
    </Image>
    <Image Include="res\bad_normal.bmp">
      <Filter>Resource</Filter>
    </Image>
    <Image Include="res\bad_hover.bmp">
      <Filter>Resource</Filter>
    </Image>
    <Image Include="res\wclose.bmp">
      <Filter>Resource</Filter>
    </Image>
    <Image Include="res\mute_head.bmp">
      <Filter>Resource</Filter>
    </Image>
    <Image Include="res\id_head.bmp">
      <Filter>Resource</Filter>
    </Image>
    <Image Include="res\mute_head_small.bmp">
      <Filter>Resource</Filter>
    </Image>
    <Image Include="res\bitmap5.bmp">
      <Filter>Resource</Filter>
    </Image>
    <Image Include="res\loging_audio_normal.bmp">
      <Filter>Resource</Filter>
    </Image>
    <Image Include="res\login_audio_disable.bmp">
      <Filter>Resource</Filter>
    </Image>
    <Image Include="res\login_video_normal.bmp">
      <Filter>Resource</Filter>
    </Image>
    <Image Include="res\login_video_disable.bmp">
      <Filter>Resource</Filter>
    </Image>
    <Image Include="res\login_seting_normal.bmp">
      <Filter>Resource</Filter>
    </Image>
    <Image Include="res\frame_title.bmp">
      <Filter>Resource</Filter>
    </Image>
    <Image Include="res\users_close.bmp">
      <Filter>Resource</Filter>
    </Image>
    <Image Include="res\share.bmp">
      <Filter>Resource</Filter>
    </Image>
    <Image Include="res\share_hover.bmp">
      <Filter>Resource</Filter>
    </Image>
    <Image Include="res\share_active.bmp">
      <Filter>Resource</Filter>
    </Image>
    <Image Include="res\record.bmp">
      <Filter>Resource</Filter>
    </Image>
    <Image Include="res\record_hover.bmp">
      <Filter>Resource</Filter>
    </Image>
    <Image Include="res\record_active.bmp">
      <Filter>Resource</Filter>
    </Image>
    <Image Include="res\user_active.bmp">
      <Filter>Resource</Filter>
    </Image>
    <Image Include="res\setting_active.bmp">
      <Filter>Resource</Filter>
    </Image>
    <Image Include="res\hangup_active.bmp">
      <Filter>Resource</Filter>
    </Image>
    <Image Include="res\all_mute.bmp">
      <Filter>Resource</Filter>
    </Image>
    <Image Include="res\user_head_2_4.bmp">
      <Filter>Resource</Filter>
    </Image>
    <Image Include="res\user_head_9.bmp">
      <Filter>Resource</Filter>
    </Image>
    <Image Include="res\user_head_share.bmp">
      <Filter>Resource</Filter>
    </Image>
    <Image Include="res\share_close.bmp">
      <Filter>Resource</Filter>
    </Image>
    <Image Include="res\listHiden.bmp">
      <Filter>Resource</Filter>
    </Image>
    <Image Include="res\listShow.bmp">
      <Filter>Resource</Filter>
    </Image>
    <Image Include="res\recording.bmp">
      <Filter>Resource</Filter>
    </Image>
    <Image Include="res\userAudioEnable.bmp">
      <Filter>Resource</Filter>
    </Image>
    <Image Include="res\userAudioDisable.bmp">
      <Filter>Resource</Filter>
    </Image>
    <Image Include="res\userVideoEnable.bmp">
      <Filter>Resource</Filter>
    </Image>
    <Image Include="res\userVideoDisable.bmp">
      <Filter>Resource</Filter>
    </Image>
    <Image Include="res\host.bmp">
      <Filter>Resource</Filter>
    </Image>
    <Image Include="res\user_share.bmp">
      <Filter>Resource</Filter>
    </Image>
    <Image Include="res\host_transfer.bmp">
      <Filter>Resource</Filter>
    </Image>
    <Image Include="res\user_focus.bmp">
      <Filter>Resource</Filter>
    </Image>
    <Image Include="res\localMuteMain.bmp">
      <Filter>Resource</Filter>
    </Image>
    <Image Include="res\error.bmp">
      <Filter>Resource</Filter>
    </Image>
    <Image Include="AppLogo.ico">
      <Filter>Resource</Filter>
    </Image>
    <Image Include="res\audio_active.bmp">
      <Filter>Resource</Filter>
    </Image>
  </ItemGroup>
  <ItemGroup>
    <None Include="jsoncpp\src\lib_json\json_valueiterator.inl">
      <Filter>jsoncpp</Filter>
    </None>
  </ItemGroup>
</Project>