// !$*UTF8*$!
{
	archiveVersion = 1;
	classes = {
	};
	objectVersion = 52;
	objects = {

/* Begin PBXBuildFile section */
		2B66B3D428379002005BA3BF /* BeautyModel.m in Sources */ = {isa = PBXBuildFile; fileRef = 2B66B3D328379002005BA3BF /* BeautyModel.m */; };
		2B893A3E27E1C685001A1B9E /* PreJoinNetResultViewController.m in Sources */ = {isa = PBXBuildFile; fileRef = 2B893A3D27E1C685001A1B9E /* PreJoinNetResultViewController.m */; };
		2B893A4127E1C9A7001A1B9E /* SettingLabelModel.m in Sources */ = {isa = PBXBuildFile; fileRef = 2B893A4027E1C9A7001A1B9E /* SettingLabelModel.m */; };
		2BA8025027E2DE5700AFE337 /* RoomSettingView.m in Sources */ = {isa = PBXBuildFile; fileRef = 2BA8024027E2DE5700AFE337 /* RoomSettingView.m */; };
		2BA8025327E2DE5700AFE337 /* VolcBeautyCommon.m in Sources */ = {isa = PBXBuildFile; fileRef = 2BA8024927E2DE5700AFE337 /* VolcBeautyCommon.m */; };
		2BA8025427E2DE5700AFE337 /* EffectResource.m in Sources */ = {isa = PBXBuildFile; fileRef = 2BA8024E27E2DE5700AFE337 /* EffectResource.m */; };
		2BA8025F27E2E26A00AFE337 /* NotifyCommon.m in Sources */ = {isa = PBXBuildFile; fileRef = 2BA8025E27E2E26A00AFE337 /* NotifyCommon.m */; };
		2BA8026827E3375E00AFE337 /* ToastView.m in Sources */ = {isa = PBXBuildFile; fileRef = 2BA8026527E3375E00AFE337 /* ToastView.m */; };
		2BA8026927E3375E00AFE337 /* ToastComponents.m in Sources */ = {isa = PBXBuildFile; fileRef = 2BA8026627E3375E00AFE337 /* ToastComponents.m */; };
		2BA8026D27E3397500AFE337 /* DeviceInforTool.m in Sources */ = {isa = PBXBuildFile; fileRef = 2BA8026C27E3397500AFE337 /* DeviceInforTool.m */; };
		2BA8027027E4315A00AFE337 /* PreNotifyViewController.m in Sources */ = {isa = PBXBuildFile; fileRef = 2BA8026F27E4315A00AFE337 /* PreNotifyViewController.m */; };
		2BA8027827E4892400AFE337 /* VolcEngineRTC.xcframework in Frameworks */ = {isa = PBXBuildFile; fileRef = 2BA8027527E4891E00AFE337 /* VolcEngineRTC.xcframework */; };
		2BA8027927E4892400AFE337 /* VolcEngineRTC.xcframework in Embed Frameworks */ = {isa = PBXBuildFile; fileRef = 2BA8027527E4891E00AFE337 /* VolcEngineRTC.xcframework */; settings = {ATTRIBUTES = (CodeSignOnCopy, RemoveHeadersOnCopy, ); }; };
		2BA8028B27E85F9E00AFE337 /* background.jpg in Resources */ = {isa = PBXBuildFile; fileRef = 2BA8028A27E85F9E00AFE337 /* background.jpg */; };
		2BC1A97827B6550900DD0557 /* NSLayoutConstraint+MASDebugAdditions.m in Sources */ = {isa = PBXBuildFile; fileRef = 2BC1A92E27B6550900DD0557 /* NSLayoutConstraint+MASDebugAdditions.m */; };
		2BC1A97927B6550900DD0557 /* ViewController+MASAdditions.m in Sources */ = {isa = PBXBuildFile; fileRef = 2BC1A93727B6550900DD0557 /* ViewController+MASAdditions.m */; };
		2BC1A97A27B6550900DD0557 /* MASCompositeConstraint.m in Sources */ = {isa = PBXBuildFile; fileRef = 2BC1A93B27B6550900DD0557 /* MASCompositeConstraint.m */; };
		2BC1A97B27B6550900DD0557 /* MASConstraintMaker.m in Sources */ = {isa = PBXBuildFile; fileRef = 2BC1A93C27B6550900DD0557 /* MASConstraintMaker.m */; };
		2BC1A97C27B6550900DD0557 /* MASLayoutConstraint.m in Sources */ = {isa = PBXBuildFile; fileRef = 2BC1A93D27B6550900DD0557 /* MASLayoutConstraint.m */; };
		2BC1A97D27B6550900DD0557 /* NSArray+MASAdditions.m in Sources */ = {isa = PBXBuildFile; fileRef = 2BC1A93E27B6550900DD0557 /* NSArray+MASAdditions.m */; };
		2BC1A97E27B6550900DD0557 /* View+MASAdditions.m in Sources */ = {isa = PBXBuildFile; fileRef = 2BC1A93F27B6550900DD0557 /* View+MASAdditions.m */; };
		2BC1A97F27B6550900DD0557 /* MASConstraint.m in Sources */ = {isa = PBXBuildFile; fileRef = 2BC1A94227B6550900DD0557 /* MASConstraint.m */; };
		2BC1A98027B6550900DD0557 /* MASViewConstraint.m in Sources */ = {isa = PBXBuildFile; fileRef = 2BC1A94427B6550900DD0557 /* MASViewConstraint.m */; };
		2BC1A98127B6550900DD0557 /* MASViewAttribute.m in Sources */ = {isa = PBXBuildFile; fileRef = 2BC1A94527B6550900DD0557 /* MASViewAttribute.m */; };
		2BC1A98227B6550900DD0557 /* RoomViewController.m in Sources */ = {isa = PBXBuildFile; fileRef = 2BC1A94A27B6550900DD0557 /* RoomViewController.m */; };
		2BC1A98327B6550900DD0557 /* UserLiveView.m in Sources */ = {isa = PBXBuildFile; fileRef = 2BC1A94C27B6550900DD0557 /* UserLiveView.m */; };
		2BC1A98427B6550900DD0557 /* CustomCameraCapture.m in Sources */ = {isa = PBXBuildFile; fileRef = 2BC1A94F27B6550900DD0557 /* CustomCameraCapture.m */; };
		2BC1A98527B6550900DD0557 /* CustomVideoRenderView.m in Sources */ = {isa = PBXBuildFile; fileRef = 2BC1A95127B6550900DD0557 /* CustomVideoRenderView.m */; };
		2BC1A98627B6550900DD0557 /* CustomFrameRender.m in Sources */ = {isa = PBXBuildFile; fileRef = 2BC1A95327B6550900DD0557 /* CustomFrameRender.m */; };
		2BC1A98A27B6550900DD0557 /* SettingOptionArrayModel.m in Sources */ = {isa = PBXBuildFile; fileRef = 2BC1A96327B6550900DD0557 /* SettingOptionArrayModel.m */; };
		2BC1A98B27B6550900DD0557 /* SettingSliderModel.m in Sources */ = {isa = PBXBuildFile; fileRef = 2BC1A96427B6550900DD0557 /* SettingSliderModel.m */; };
		2BC1A98C27B6550900DD0557 /* SettingView.m in Sources */ = {isa = PBXBuildFile; fileRef = 2BC1A96527B6550900DD0557 /* SettingView.m */; };
		2BC1A98D27B6550900DD0557 /* SettingTableViewCell.m in Sources */ = {isa = PBXBuildFile; fileRef = 2BC1A96627B6550900DD0557 /* SettingTableViewCell.m */; };
		2BC1A98E27B6550900DD0557 /* SettingBaseModel.m in Sources */ = {isa = PBXBuildFile; fileRef = 2BC1A96727B6550900DD0557 /* SettingBaseModel.m */; };
		2BC1A98F27B6550900DD0557 /* SettingSwitchModel.m in Sources */ = {isa = PBXBuildFile; fileRef = 2BC1A96827B6550900DD0557 /* SettingSwitchModel.m */; };
		2BC1A99327B6550900DD0557 /* RoomSetting.m in Sources */ = {isa = PBXBuildFile; fileRef = 2BC1A97127B6550900DD0557 /* RoomSetting.m */; };
		2BC1A99F27B6569400DD0557 /* PreJoinSettingsViewController.m in Sources */ = {isa = PBXBuildFile; fileRef = 2BC1A99A27B6569400DD0557 /* PreJoinSettingsViewController.m */; };
		2BC1A9A027B6569400DD0557 /* PreJoinSetting.m in Sources */ = {isa = PBXBuildFile; fileRef = 2BC1A99D27B6569400DD0557 /* PreJoinSetting.m */; };
		2BC1A9A527B658BC00DD0557 /* LoginViewController.m in Sources */ = {isa = PBXBuildFile; fileRef = 2BC1A9A327B658BC00DD0557 /* LoginViewController.m */; };
		2BC1A9B827B662B300DD0557 /* BeautyBarView.m in Sources */ = {isa = PBXBuildFile; fileRef = 2BC1A9B427B662B300DD0557 /* BeautyBarView.m */; };
		2BC1A9B927B662B300DD0557 /* EffectButton.m in Sources */ = {isa = PBXBuildFile; fileRef = 2BC1A9B527B662B300DD0557 /* EffectButton.m */; };
		2BC1A9BD27B662C000DD0557 /* EffectModel.m in Sources */ = {isa = PBXBuildFile; fileRef = 2BC1A9BC27B662C000DD0557 /* EffectModel.m */; };
		2BC1A9C227B66B4200DD0557 /* CoreML.framework in Frameworks */ = {isa = PBXBuildFile; fileRef = 2BC1A9C127B66B4100DD0557 /* CoreML.framework */; };
		2BC1A9C427B66B6200DD0557 /* libz.tbd in Frameworks */ = {isa = PBXBuildFile; fileRef = 2BC1A9C327B66B6200DD0557 /* libz.tbd */; };
		2BC1A9C627B66B6A00DD0557 /* CoreMotion.framework in Frameworks */ = {isa = PBXBuildFile; fileRef = 2BC1A9C527B66B6A00DD0557 /* CoreMotion.framework */; };
		2BC1A9C827B66B7700DD0557 /* MetalPerformanceShaders.framework in Frameworks */ = {isa = PBXBuildFile; fileRef = 2BC1A9C727B66B7700DD0557 /* MetalPerformanceShaders.framework */; };
		2BC1A9CA27B66B8300DD0557 /* GLKit.framework in Frameworks */ = {isa = PBXBuildFile; fileRef = 2BC1A9C927B66B8300DD0557 /* GLKit.framework */; };
		2BC1A9CC27B66B8E00DD0557 /* Accelerate.framework in Frameworks */ = {isa = PBXBuildFile; fileRef = 2BC1A9CB27B66B8E00DD0557 /* Accelerate.framework */; };
		2BC1A9CE27B66B9800DD0557 /* AudioToolbox.framework in Frameworks */ = {isa = PBXBuildFile; fileRef = 2BC1A9CD27B66B9800DD0557 /* AudioToolbox.framework */; };
		2BC1A9D027B66BA200DD0557 /* AVFoundation.framework in Frameworks */ = {isa = PBXBuildFile; fileRef = 2BC1A9CF27B66BA200DD0557 /* AVFoundation.framework */; };
		2BC1A9D227B66BAC00DD0557 /* VideoToolbox.framework in Frameworks */ = {isa = PBXBuildFile; fileRef = 2BC1A9D127B66BAC00DD0557 /* VideoToolbox.framework */; };
		2BC1A9D427B66BB800DD0557 /* CoreTelephony.framework in Frameworks */ = {isa = PBXBuildFile; fileRef = 2BC1A9D327B66BB800DD0557 /* CoreTelephony.framework */; };
		2BC1A9D627B66BBD00DD0557 /* SystemConfiguration.framework in Frameworks */ = {isa = PBXBuildFile; fileRef = 2BC1A9D527B66BBD00DD0557 /* SystemConfiguration.framework */; };
		2BC1A9D827B66BC200DD0557 /* ReplayKit.framework in Frameworks */ = {isa = PBXBuildFile; fileRef = 2BC1A9D727B66BC200DD0557 /* ReplayKit.framework */; };
		2BC1A9DA27B66D2500DD0557 /* AppDelegate.mm in Sources */ = {isa = PBXBuildFile; fileRef = 2BC1A9D927B66D2500DD0557 /* AppDelegate.mm */; };
		2BE077E027E0810700166688 /* SettingButtonModel.m in Sources */ = {isa = PBXBuildFile; fileRef = 2BE077DF27E0810700166688 /* SettingButtonModel.m */; };
		2BE077E327E0866800166688 /* PreJoinNetViewController.m in Sources */ = {isa = PBXBuildFile; fileRef = 2BE077E227E0866800166688 /* PreJoinNetViewController.m */; };
		2BE077E627E0893A00166688 /* SettingTextFieldModel.m in Sources */ = {isa = PBXBuildFile; fileRef = 2BE077E527E0893A00166688 /* SettingTextFieldModel.m */; };
		A8E3EDA1CAE36742D192746C /* Pods_Advanced.framework in Frameworks */ = {isa = PBXBuildFile; fileRef = E40342C96D3A6495145AD60C /* Pods_Advanced.framework */; };
		CC2AE8C526CB6A21009D594D /* Main.storyboard in Resources */ = {isa = PBXBuildFile; fileRef = CC2AE8C326CB6A21009D594D /* Main.storyboard */; };
		CC2AE8C726CB6A24009D594D /* Assets.xcassets in Resources */ = {isa = PBXBuildFile; fileRef = CC2AE8C626CB6A24009D594D /* Assets.xcassets */; };
		CC2AE8CA26CB6A24009D594D /* LaunchScreen.storyboard in Resources */ = {isa = PBXBuildFile; fileRef = CC2AE8C826CB6A24009D594D /* LaunchScreen.storyboard */; };
		CC2AE8CD26CB6A24009D594D /* main.m in Sources */ = {isa = PBXBuildFile; fileRef = CC2AE8CC26CB6A24009D594D /* main.m */; };
/* End PBXBuildFile section */

/* Begin PBXCopyFilesBuildPhase section */
		CC5DF54726CFB3D000BE223E /* Embed Frameworks */ = {
			isa = PBXCopyFilesBuildPhase;
			buildActionMask = 2147483647;
			dstPath = "";
			dstSubfolderSpec = 10;
			files = (
				2BA8027927E4892400AFE337 /* VolcEngineRTC.xcframework in Embed Frameworks */,
			);
			name = "Embed Frameworks";
			runOnlyForDeploymentPostprocessing = 0;
		};
/* End PBXCopyFilesBuildPhase section */

/* Begin PBXFileReference section */
		2B66B3D228379002005BA3BF /* BeautyModel.h */ = {isa = PBXFileReference; lastKnownFileType = sourcecode.c.h; path = BeautyModel.h; sourceTree = "<group>"; };
		2B66B3D328379002005BA3BF /* BeautyModel.m */ = {isa = PBXFileReference; lastKnownFileType = sourcecode.c.objc; path = BeautyModel.m; sourceTree = "<group>"; };
		2B893A3C27E1C685001A1B9E /* PreJoinNetResultViewController.h */ = {isa = PBXFileReference; lastKnownFileType = sourcecode.c.h; path = PreJoinNetResultViewController.h; sourceTree = "<group>"; };
		2B893A3D27E1C685001A1B9E /* PreJoinNetResultViewController.m */ = {isa = PBXFileReference; lastKnownFileType = sourcecode.c.objc; path = PreJoinNetResultViewController.m; sourceTree = "<group>"; };
		2B893A3F27E1C9A7001A1B9E /* SettingLabelModel.h */ = {isa = PBXFileReference; lastKnownFileType = sourcecode.c.h; path = SettingLabelModel.h; sourceTree = "<group>"; };
		2B893A4027E1C9A7001A1B9E /* SettingLabelModel.m */ = {isa = PBXFileReference; lastKnownFileType = sourcecode.c.objc; path = SettingLabelModel.m; sourceTree = "<group>"; };
		2BA8024027E2DE5700AFE337 /* RoomSettingView.m */ = {isa = PBXFileReference; fileEncoding = 4; lastKnownFileType = sourcecode.c.objc; path = RoomSettingView.m; sourceTree = "<group>"; };
		2BA8024127E2DE5700AFE337 /* RoomSetting.m */ = {isa = PBXFileReference; fileEncoding = 4; lastKnownFileType = sourcecode.c.objc; path = RoomSetting.m; sourceTree = "<group>"; };
		2BA8024227E2DE5700AFE337 /* RoomSettingView.h */ = {isa = PBXFileReference; fileEncoding = 4; lastKnownFileType = sourcecode.c.h; path = RoomSettingView.h; sourceTree = "<group>"; };
		2BA8024327E2DE5700AFE337 /* RoomSetting.h */ = {isa = PBXFileReference; fileEncoding = 4; lastKnownFileType = sourcecode.c.h; path = RoomSetting.h; sourceTree = "<group>"; };
		2BA8024927E2DE5700AFE337 /* VolcBeautyCommon.m */ = {isa = PBXFileReference; fileEncoding = 4; lastKnownFileType = sourcecode.c.objc; path = VolcBeautyCommon.m; sourceTree = "<group>"; };
		2BA8024A27E2DE5700AFE337 /* VolcBeautyCommon.h */ = {isa = PBXFileReference; fileEncoding = 4; lastKnownFileType = sourcecode.c.h; path = VolcBeautyCommon.h; sourceTree = "<group>"; };
		2BA8024D27E2DE5700AFE337 /* EffectResource.h */ = {isa = PBXFileReference; fileEncoding = 4; lastKnownFileType = sourcecode.c.h; path = EffectResource.h; sourceTree = "<group>"; };
		2BA8024E27E2DE5700AFE337 /* EffectResource.m */ = {isa = PBXFileReference; fileEncoding = 4; lastKnownFileType = sourcecode.c.objc; path = EffectResource.m; sourceTree = "<group>"; };
		2BA8025D27E2E26A00AFE337 /* NotifyCommon.h */ = {isa = PBXFileReference; lastKnownFileType = sourcecode.c.h; path = NotifyCommon.h; sourceTree = "<group>"; };
		2BA8025E27E2E26A00AFE337 /* NotifyCommon.m */ = {isa = PBXFileReference; lastKnownFileType = sourcecode.c.objc; path = NotifyCommon.m; sourceTree = "<group>"; };
		2BA8026427E3375E00AFE337 /* ToastComponents.h */ = {isa = PBXFileReference; fileEncoding = 4; lastKnownFileType = sourcecode.c.h; path = ToastComponents.h; sourceTree = "<group>"; };
		2BA8026527E3375E00AFE337 /* ToastView.m */ = {isa = PBXFileReference; fileEncoding = 4; lastKnownFileType = sourcecode.c.objc; path = ToastView.m; sourceTree = "<group>"; };
		2BA8026627E3375E00AFE337 /* ToastComponents.m */ = {isa = PBXFileReference; fileEncoding = 4; lastKnownFileType = sourcecode.c.objc; path = ToastComponents.m; sourceTree = "<group>"; };
		2BA8026727E3375E00AFE337 /* ToastView.h */ = {isa = PBXFileReference; fileEncoding = 4; lastKnownFileType = sourcecode.c.h; path = ToastView.h; sourceTree = "<group>"; };
		2BA8026B27E3397500AFE337 /* DeviceInforTool.h */ = {isa = PBXFileReference; fileEncoding = 4; lastKnownFileType = sourcecode.c.h; path = DeviceInforTool.h; sourceTree = "<group>"; };
		2BA8026C27E3397500AFE337 /* DeviceInforTool.m */ = {isa = PBXFileReference; fileEncoding = 4; lastKnownFileType = sourcecode.c.objc; path = DeviceInforTool.m; sourceTree = "<group>"; };
		2BA8026E27E4315A00AFE337 /* PreNotifyViewController.h */ = {isa = PBXFileReference; lastKnownFileType = sourcecode.c.h; path = PreNotifyViewController.h; sourceTree = "<group>"; };
		2BA8026F27E4315A00AFE337 /* PreNotifyViewController.m */ = {isa = PBXFileReference; lastKnownFileType = sourcecode.c.objc; path = PreNotifyViewController.m; sourceTree = "<group>"; };
		2BA8027527E4891E00AFE337 /* VolcEngineRTC.xcframework */ = {isa = PBXFileReference; lastKnownFileType = wrapper.xcframework; path = VolcEngineRTC.xcframework; sourceTree = "<group>"; };
		2BA8028A27E85F9E00AFE337 /* background.jpg */ = {isa = PBXFileReference; lastKnownFileType = image.jpeg; path = background.jpg; sourceTree = "<group>"; };
		2BC1A92D27B6550900DD0557 /* MASCompositeConstraint.h */ = {isa = PBXFileReference; fileEncoding = 4; lastKnownFileType = sourcecode.c.h; path = MASCompositeConstraint.h; sourceTree = "<group>"; };
		2BC1A92E27B6550900DD0557 /* NSLayoutConstraint+MASDebugAdditions.m */ = {isa = PBXFileReference; fileEncoding = 4; lastKnownFileType = sourcecode.c.objc; path = "NSLayoutConstraint+MASDebugAdditions.m"; sourceTree = "<group>"; };
		2BC1A92F27B6550900DD0557 /* MASConstraint+Private.h */ = {isa = PBXFileReference; fileEncoding = 4; lastKnownFileType = sourcecode.c.h; path = "MASConstraint+Private.h"; sourceTree = "<group>"; };
		2BC1A93027B6550900DD0557 /* MASLayoutConstraint.h */ = {isa = PBXFileReference; fileEncoding = 4; lastKnownFileType = sourcecode.c.h; path = MASLayoutConstraint.h; sourceTree = "<group>"; };
		2BC1A93127B6550900DD0557 /* NSArray+MASShorthandAdditions.h */ = {isa = PBXFileReference; fileEncoding = 4; lastKnownFileType = sourcecode.c.h; path = "NSArray+MASShorthandAdditions.h"; sourceTree = "<group>"; };
		2BC1A93227B6550900DD0557 /* MASConstraintMaker.h */ = {isa = PBXFileReference; fileEncoding = 4; lastKnownFileType = sourcecode.c.h; path = MASConstraintMaker.h; sourceTree = "<group>"; };
		2BC1A93327B6550900DD0557 /* View+MASAdditions.h */ = {isa = PBXFileReference; fileEncoding = 4; lastKnownFileType = sourcecode.c.h; path = "View+MASAdditions.h"; sourceTree = "<group>"; };
		2BC1A93427B6550900DD0557 /* NSArray+MASAdditions.h */ = {isa = PBXFileReference; fileEncoding = 4; lastKnownFileType = sourcecode.c.h; path = "NSArray+MASAdditions.h"; sourceTree = "<group>"; };
		2BC1A93527B6550900DD0557 /* MASUtilities.h */ = {isa = PBXFileReference; fileEncoding = 4; lastKnownFileType = sourcecode.c.h; path = MASUtilities.h; sourceTree = "<group>"; };
		2BC1A93627B6550900DD0557 /* MASViewAttribute.h */ = {isa = PBXFileReference; fileEncoding = 4; lastKnownFileType = sourcecode.c.h; path = MASViewAttribute.h; sourceTree = "<group>"; };
		2BC1A93727B6550900DD0557 /* ViewController+MASAdditions.m */ = {isa = PBXFileReference; fileEncoding = 4; lastKnownFileType = sourcecode.c.objc; path = "ViewController+MASAdditions.m"; sourceTree = "<group>"; };
		2BC1A93827B6550900DD0557 /* MASViewConstraint.h */ = {isa = PBXFileReference; fileEncoding = 4; lastKnownFileType = sourcecode.c.h; path = MASViewConstraint.h; sourceTree = "<group>"; };
		2BC1A93927B6550900DD0557 /* MASConstraint.h */ = {isa = PBXFileReference; fileEncoding = 4; lastKnownFileType = sourcecode.c.h; path = MASConstraint.h; sourceTree = "<group>"; };
		2BC1A93A27B6550900DD0557 /* NSLayoutConstraint+MASDebugAdditions.h */ = {isa = PBXFileReference; fileEncoding = 4; lastKnownFileType = sourcecode.c.h; path = "NSLayoutConstraint+MASDebugAdditions.h"; sourceTree = "<group>"; };
		2BC1A93B27B6550900DD0557 /* MASCompositeConstraint.m */ = {isa = PBXFileReference; fileEncoding = 4; lastKnownFileType = sourcecode.c.objc; path = MASCompositeConstraint.m; sourceTree = "<group>"; };
		2BC1A93C27B6550900DD0557 /* MASConstraintMaker.m */ = {isa = PBXFileReference; fileEncoding = 4; lastKnownFileType = sourcecode.c.objc; path = MASConstraintMaker.m; sourceTree = "<group>"; };
		2BC1A93D27B6550900DD0557 /* MASLayoutConstraint.m */ = {isa = PBXFileReference; fileEncoding = 4; lastKnownFileType = sourcecode.c.objc; path = MASLayoutConstraint.m; sourceTree = "<group>"; };
		2BC1A93E27B6550900DD0557 /* NSArray+MASAdditions.m */ = {isa = PBXFileReference; fileEncoding = 4; lastKnownFileType = sourcecode.c.objc; path = "NSArray+MASAdditions.m"; sourceTree = "<group>"; };
		2BC1A93F27B6550900DD0557 /* View+MASAdditions.m */ = {isa = PBXFileReference; fileEncoding = 4; lastKnownFileType = sourcecode.c.objc; path = "View+MASAdditions.m"; sourceTree = "<group>"; };
		2BC1A94027B6550900DD0557 /* View+MASShorthandAdditions.h */ = {isa = PBXFileReference; fileEncoding = 4; lastKnownFileType = sourcecode.c.h; path = "View+MASShorthandAdditions.h"; sourceTree = "<group>"; };
		2BC1A94127B6550900DD0557 /* Masonry.h */ = {isa = PBXFileReference; fileEncoding = 4; lastKnownFileType = sourcecode.c.h; path = Masonry.h; sourceTree = "<group>"; };
		2BC1A94227B6550900DD0557 /* MASConstraint.m */ = {isa = PBXFileReference; fileEncoding = 4; lastKnownFileType = sourcecode.c.objc; path = MASConstraint.m; sourceTree = "<group>"; };
		2BC1A94327B6550900DD0557 /* ViewController+MASAdditions.h */ = {isa = PBXFileReference; fileEncoding = 4; lastKnownFileType = sourcecode.c.h; path = "ViewController+MASAdditions.h"; sourceTree = "<group>"; };
		2BC1A94427B6550900DD0557 /* MASViewConstraint.m */ = {isa = PBXFileReference; fileEncoding = 4; lastKnownFileType = sourcecode.c.objc; path = MASViewConstraint.m; sourceTree = "<group>"; };
		2BC1A94527B6550900DD0557 /* MASViewAttribute.m */ = {isa = PBXFileReference; fileEncoding = 4; lastKnownFileType = sourcecode.c.objc; path = MASViewAttribute.m; sourceTree = "<group>"; };
		2BC1A94927B6550900DD0557 /* RoomViewController.h */ = {isa = PBXFileReference; fileEncoding = 4; lastKnownFileType = sourcecode.c.h; path = RoomViewController.h; sourceTree = "<group>"; };
		2BC1A94A27B6550900DD0557 /* RoomViewController.m */ = {isa = PBXFileReference; fileEncoding = 4; lastKnownFileType = sourcecode.c.objc; path = RoomViewController.m; sourceTree = "<group>"; };
		2BC1A94C27B6550900DD0557 /* UserLiveView.m */ = {isa = PBXFileReference; fileEncoding = 4; lastKnownFileType = sourcecode.c.objc; path = UserLiveView.m; sourceTree = "<group>"; };
		2BC1A94D27B6550900DD0557 /* UserLiveView.h */ = {isa = PBXFileReference; fileEncoding = 4; lastKnownFileType = sourcecode.c.h; path = UserLiveView.h; sourceTree = "<group>"; };
		2BC1A94F27B6550900DD0557 /* CustomCameraCapture.m */ = {isa = PBXFileReference; fileEncoding = 4; lastKnownFileType = sourcecode.c.objc; path = CustomCameraCapture.m; sourceTree = "<group>"; };
		2BC1A95027B6550900DD0557 /* CustomFrameRender.h */ = {isa = PBXFileReference; fileEncoding = 4; lastKnownFileType = sourcecode.c.h; path = CustomFrameRender.h; sourceTree = "<group>"; };
		2BC1A95127B6550900DD0557 /* CustomVideoRenderView.m */ = {isa = PBXFileReference; fileEncoding = 4; lastKnownFileType = sourcecode.c.objc; path = CustomVideoRenderView.m; sourceTree = "<group>"; };
		2BC1A95227B6550900DD0557 /* CustomCameraCapture.h */ = {isa = PBXFileReference; fileEncoding = 4; lastKnownFileType = sourcecode.c.h; path = CustomCameraCapture.h; sourceTree = "<group>"; };
		2BC1A95327B6550900DD0557 /* CustomFrameRender.m */ = {isa = PBXFileReference; fileEncoding = 4; lastKnownFileType = sourcecode.c.objc; path = CustomFrameRender.m; sourceTree = "<group>"; };
		2BC1A95427B6550900DD0557 /* CustomVideoRenderView.h */ = {isa = PBXFileReference; fileEncoding = 4; lastKnownFileType = sourcecode.c.h; path = CustomVideoRenderView.h; sourceTree = "<group>"; };
		2BC1A95D27B6550900DD0557 /* SettingOptionArrayModel.h */ = {isa = PBXFileReference; fileEncoding = 4; lastKnownFileType = sourcecode.c.h; path = SettingOptionArrayModel.h; sourceTree = "<group>"; };
		2BC1A95E27B6550900DD0557 /* SettingView.h */ = {isa = PBXFileReference; fileEncoding = 4; lastKnownFileType = sourcecode.c.h; path = SettingView.h; sourceTree = "<group>"; };
		2BC1A95F27B6550900DD0557 /* SettingSliderModel.h */ = {isa = PBXFileReference; fileEncoding = 4; lastKnownFileType = sourcecode.c.h; path = SettingSliderModel.h; sourceTree = "<group>"; };
		2BC1A96027B6550900DD0557 /* SettingBaseModel.h */ = {isa = PBXFileReference; fileEncoding = 4; lastKnownFileType = sourcecode.c.h; path = SettingBaseModel.h; sourceTree = "<group>"; };
		2BC1A96127B6550900DD0557 /* SettingTableViewCell.h */ = {isa = PBXFileReference; fileEncoding = 4; lastKnownFileType = sourcecode.c.h; path = SettingTableViewCell.h; sourceTree = "<group>"; };
		2BC1A96227B6550900DD0557 /* SettingSwitchModel.h */ = {isa = PBXFileReference; fileEncoding = 4; lastKnownFileType = sourcecode.c.h; path = SettingSwitchModel.h; sourceTree = "<group>"; };
		2BC1A96327B6550900DD0557 /* SettingOptionArrayModel.m */ = {isa = PBXFileReference; fileEncoding = 4; lastKnownFileType = sourcecode.c.objc; path = SettingOptionArrayModel.m; sourceTree = "<group>"; };
		2BC1A96427B6550900DD0557 /* SettingSliderModel.m */ = {isa = PBXFileReference; fileEncoding = 4; lastKnownFileType = sourcecode.c.objc; path = SettingSliderModel.m; sourceTree = "<group>"; };
		2BC1A96527B6550900DD0557 /* SettingView.m */ = {isa = PBXFileReference; fileEncoding = 4; lastKnownFileType = sourcecode.c.objc; path = SettingView.m; sourceTree = "<group>"; };
		2BC1A96627B6550900DD0557 /* SettingTableViewCell.m */ = {isa = PBXFileReference; fileEncoding = 4; lastKnownFileType = sourcecode.c.objc; path = SettingTableViewCell.m; sourceTree = "<group>"; };
		2BC1A96727B6550900DD0557 /* SettingBaseModel.m */ = {isa = PBXFileReference; fileEncoding = 4; lastKnownFileType = sourcecode.c.objc; path = SettingBaseModel.m; sourceTree = "<group>"; };
		2BC1A96827B6550900DD0557 /* SettingSwitchModel.m */ = {isa = PBXFileReference; fileEncoding = 4; lastKnownFileType = sourcecode.c.objc; path = SettingSwitchModel.m; sourceTree = "<group>"; };
		2BC1A97027B6550900DD0557 /* RoomSettingView.m */ = {isa = PBXFileReference; fileEncoding = 4; lastKnownFileType = sourcecode.c.objc; path = RoomSettingView.m; sourceTree = "<group>"; };
		2BC1A97127B6550900DD0557 /* RoomSetting.m */ = {isa = PBXFileReference; fileEncoding = 4; lastKnownFileType = sourcecode.c.objc; path = RoomSetting.m; sourceTree = "<group>"; };
		2BC1A97227B6550900DD0557 /* RoomSettingView.h */ = {isa = PBXFileReference; fileEncoding = 4; lastKnownFileType = sourcecode.c.h; path = RoomSettingView.h; sourceTree = "<group>"; };
		2BC1A97327B6550900DD0557 /* RoomSetting.h */ = {isa = PBXFileReference; fileEncoding = 4; lastKnownFileType = sourcecode.c.h; path = RoomSetting.h; sourceTree = "<group>"; };
		2BC1A99A27B6569400DD0557 /* PreJoinSettingsViewController.m */ = {isa = PBXFileReference; fileEncoding = 4; lastKnownFileType = sourcecode.c.objc; path = PreJoinSettingsViewController.m; sourceTree = "<group>"; };
		2BC1A99B27B6569400DD0557 /* PreJoinSettingsViewController.h */ = {isa = PBXFileReference; fileEncoding = 4; lastKnownFileType = sourcecode.c.h; path = PreJoinSettingsViewController.h; sourceTree = "<group>"; };
		2BC1A99D27B6569400DD0557 /* PreJoinSetting.m */ = {isa = PBXFileReference; fileEncoding = 4; lastKnownFileType = sourcecode.c.objc; path = PreJoinSetting.m; sourceTree = "<group>"; };
		2BC1A99E27B6569400DD0557 /* PreJoinSetting.h */ = {isa = PBXFileReference; fileEncoding = 4; lastKnownFileType = sourcecode.c.h; path = PreJoinSetting.h; sourceTree = "<group>"; };
		2BC1A9A327B658BC00DD0557 /* LoginViewController.m */ = {isa = PBXFileReference; fileEncoding = 4; lastKnownFileType = sourcecode.c.objc; path = LoginViewController.m; sourceTree = "<group>"; };
		2BC1A9A427B658BC00DD0557 /* LoginViewController.h */ = {isa = PBXFileReference; fileEncoding = 4; lastKnownFileType = sourcecode.c.h; path = LoginViewController.h; sourceTree = "<group>"; };
		2BC1A9B427B662B300DD0557 /* BeautyBarView.m */ = {isa = PBXFileReference; fileEncoding = 4; lastKnownFileType = sourcecode.c.objc; path = BeautyBarView.m; sourceTree = "<group>"; };
		2BC1A9B527B662B300DD0557 /* EffectButton.m */ = {isa = PBXFileReference; fileEncoding = 4; lastKnownFileType = sourcecode.c.objc; path = EffectButton.m; sourceTree = "<group>"; };
		2BC1A9B627B662B300DD0557 /* EffectButton.h */ = {isa = PBXFileReference; fileEncoding = 4; lastKnownFileType = sourcecode.c.h; path = EffectButton.h; sourceTree = "<group>"; };
		2BC1A9B727B662B300DD0557 /* BeautyBarView.h */ = {isa = PBXFileReference; fileEncoding = 4; lastKnownFileType = sourcecode.c.h; path = BeautyBarView.h; sourceTree = "<group>"; };
		2BC1A9BB27B662C000DD0557 /* EffectModel.h */ = {isa = PBXFileReference; fileEncoding = 4; lastKnownFileType = sourcecode.c.h; path = EffectModel.h; sourceTree = "<group>"; };
		2BC1A9BC27B662C000DD0557 /* EffectModel.m */ = {isa = PBXFileReference; fileEncoding = 4; lastKnownFileType = sourcecode.c.objc; path = EffectModel.m; sourceTree = "<group>"; };
		2BC1A9C127B66B4100DD0557 /* CoreML.framework */ = {isa = PBXFileReference; lastKnownFileType = wrapper.framework; name = CoreML.framework; path = System/Library/Frameworks/CoreML.framework; sourceTree = SDKROOT; };
		2BC1A9C327B66B6200DD0557 /* libz.tbd */ = {isa = PBXFileReference; lastKnownFileType = "sourcecode.text-based-dylib-definition"; name = libz.tbd; path = usr/lib/libz.tbd; sourceTree = SDKROOT; };
		2BC1A9C527B66B6A00DD0557 /* CoreMotion.framework */ = {isa = PBXFileReference; lastKnownFileType = wrapper.framework; name = CoreMotion.framework; path = System/Library/Frameworks/CoreMotion.framework; sourceTree = SDKROOT; };
		2BC1A9C727B66B7700DD0557 /* MetalPerformanceShaders.framework */ = {isa = PBXFileReference; lastKnownFileType = wrapper.framework; name = MetalPerformanceShaders.framework; path = System/Library/Frameworks/MetalPerformanceShaders.framework; sourceTree = SDKROOT; };
		2BC1A9C927B66B8300DD0557 /* GLKit.framework */ = {isa = PBXFileReference; lastKnownFileType = wrapper.framework; name = GLKit.framework; path = System/Library/Frameworks/GLKit.framework; sourceTree = SDKROOT; };
		2BC1A9CB27B66B8E00DD0557 /* Accelerate.framework */ = {isa = PBXFileReference; lastKnownFileType = wrapper.framework; name = Accelerate.framework; path = System/Library/Frameworks/Accelerate.framework; sourceTree = SDKROOT; };
		2BC1A9CD27B66B9800DD0557 /* AudioToolbox.framework */ = {isa = PBXFileReference; lastKnownFileType = wrapper.framework; name = AudioToolbox.framework; path = System/Library/Frameworks/AudioToolbox.framework; sourceTree = SDKROOT; };
		2BC1A9CF27B66BA200DD0557 /* AVFoundation.framework */ = {isa = PBXFileReference; lastKnownFileType = wrapper.framework; name = AVFoundation.framework; path = System/Library/Frameworks/AVFoundation.framework; sourceTree = SDKROOT; };
		2BC1A9D127B66BAC00DD0557 /* VideoToolbox.framework */ = {isa = PBXFileReference; lastKnownFileType = wrapper.framework; name = VideoToolbox.framework; path = System/Library/Frameworks/VideoToolbox.framework; sourceTree = SDKROOT; };
		2BC1A9D327B66BB800DD0557 /* CoreTelephony.framework */ = {isa = PBXFileReference; lastKnownFileType = wrapper.framework; name = CoreTelephony.framework; path = System/Library/Frameworks/CoreTelephony.framework; sourceTree = SDKROOT; };
		2BC1A9D527B66BBD00DD0557 /* SystemConfiguration.framework */ = {isa = PBXFileReference; lastKnownFileType = wrapper.framework; name = SystemConfiguration.framework; path = System/Library/Frameworks/SystemConfiguration.framework; sourceTree = SDKROOT; };
		2BC1A9D727B66BC200DD0557 /* ReplayKit.framework */ = {isa = PBXFileReference; lastKnownFileType = wrapper.framework; name = ReplayKit.framework; path = System/Library/Frameworks/ReplayKit.framework; sourceTree = SDKROOT; };
		2BC1A9D927B66D2500DD0557 /* AppDelegate.mm */ = {isa = PBXFileReference; fileEncoding = 4; lastKnownFileType = sourcecode.cpp.objcpp; path = AppDelegate.mm; sourceTree = "<group>"; };
		2BE077DE27E0810700166688 /* SettingButtonModel.h */ = {isa = PBXFileReference; lastKnownFileType = sourcecode.c.h; path = SettingButtonModel.h; sourceTree = "<group>"; };
		2BE077DF27E0810700166688 /* SettingButtonModel.m */ = {isa = PBXFileReference; lastKnownFileType = sourcecode.c.objc; path = SettingButtonModel.m; sourceTree = "<group>"; };
		2BE077E127E0866800166688 /* PreJoinNetViewController.h */ = {isa = PBXFileReference; lastKnownFileType = sourcecode.c.h; path = PreJoinNetViewController.h; sourceTree = "<group>"; };
		2BE077E227E0866800166688 /* PreJoinNetViewController.m */ = {isa = PBXFileReference; lastKnownFileType = sourcecode.c.objc; path = PreJoinNetViewController.m; sourceTree = "<group>"; };
		2BE077E427E0893A00166688 /* SettingTextFieldModel.h */ = {isa = PBXFileReference; lastKnownFileType = sourcecode.c.h; path = SettingTextFieldModel.h; sourceTree = "<group>"; };
		2BE077E527E0893A00166688 /* SettingTextFieldModel.m */ = {isa = PBXFileReference; lastKnownFileType = sourcecode.c.objc; path = SettingTextFieldModel.m; sourceTree = "<group>"; };
		3BE1A58E03A709961486F17D /* Pods-Advanced.debug.xcconfig */ = {isa = PBXFileReference; includeInIndex = 1; lastKnownFileType = text.xcconfig; name = "Pods-Advanced.debug.xcconfig"; path = "Target Support Files/Pods-Advanced/Pods-Advanced.debug.xcconfig"; sourceTree = "<group>"; };
		9BB33BD86BD9FAC6A68B4200 /* Pods-Advanced.release.xcconfig */ = {isa = PBXFileReference; includeInIndex = 1; lastKnownFileType = text.xcconfig; name = "Pods-Advanced.release.xcconfig"; path = "Target Support Files/Pods-Advanced/Pods-Advanced.release.xcconfig"; sourceTree = "<group>"; };
		CC2AE8B726CB6A21009D594D /* Advanced.app */ = {isa = PBXFileReference; explicitFileType = wrapper.application; includeInIndex = 0; path = Advanced.app; sourceTree = BUILT_PRODUCTS_DIR; };
		CC2AE8BA26CB6A21009D594D /* AppDelegate.h */ = {isa = PBXFileReference; lastKnownFileType = sourcecode.c.h; path = AppDelegate.h; sourceTree = "<group>"; };
		CC2AE8C426CB6A21009D594D /* Base */ = {isa = PBXFileReference; lastKnownFileType = file.storyboard; name = Base; path = Base.lproj/Main.storyboard; sourceTree = "<group>"; };
		CC2AE8C626CB6A24009D594D /* Assets.xcassets */ = {isa = PBXFileReference; lastKnownFileType = folder.assetcatalog; path = Assets.xcassets; sourceTree = "<group>"; };
		CC2AE8C926CB6A24009D594D /* Base */ = {isa = PBXFileReference; lastKnownFileType = file.storyboard; name = Base; path = Base.lproj/LaunchScreen.storyboard; sourceTree = "<group>"; };
		CC2AE8CB26CB6A24009D594D /* Info.plist */ = {isa = PBXFileReference; lastKnownFileType = text.plist.xml; path = Info.plist; sourceTree = "<group>"; };
		CC2AE8CC26CB6A24009D594D /* main.m */ = {isa = PBXFileReference; lastKnownFileType = sourcecode.c.objc; path = main.m; sourceTree = "<group>"; };
		CC2AE8D826CB6C9A009D594D /* Constants.h */ = {isa = PBXFileReference; lastKnownFileType = sourcecode.c.h; path = Constants.h; sourceTree = "<group>"; };
		E40342C96D3A6495145AD60C /* Pods_Advanced.framework */ = {isa = PBXFileReference; explicitFileType = wrapper.framework; includeInIndex = 0; path = Pods_Advanced.framework; sourceTree = BUILT_PRODUCTS_DIR; };
/* End PBXFileReference section */

/* Begin PBXFrameworksBuildPhase section */
		CC2AE8B426CB6A21009D594D /* Frameworks */ = {
			isa = PBXFrameworksBuildPhase;
			buildActionMask = 2147483647;
			files = (
				2BC1A9D827B66BC200DD0557 /* ReplayKit.framework in Frameworks */,
				2BC1A9D627B66BBD00DD0557 /* SystemConfiguration.framework in Frameworks */,
				2BA8027827E4892400AFE337 /* VolcEngineRTC.xcframework in Frameworks */,
				2BC1A9D427B66BB800DD0557 /* CoreTelephony.framework in Frameworks */,
				2BC1A9D227B66BAC00DD0557 /* VideoToolbox.framework in Frameworks */,
				2BC1A9D027B66BA200DD0557 /* AVFoundation.framework in Frameworks */,
				2BC1A9CE27B66B9800DD0557 /* AudioToolbox.framework in Frameworks */,
				2BC1A9CC27B66B8E00DD0557 /* Accelerate.framework in Frameworks */,
				2BC1A9CA27B66B8300DD0557 /* GLKit.framework in Frameworks */,
				2BC1A9C827B66B7700DD0557 /* MetalPerformanceShaders.framework in Frameworks */,
				2BC1A9C627B66B6A00DD0557 /* CoreMotion.framework in Frameworks */,
				2BC1A9C427B66B6200DD0557 /* libz.tbd in Frameworks */,
				2BC1A9C227B66B4200DD0557 /* CoreML.framework in Frameworks */,
				A8E3EDA1CAE36742D192746C /* Pods_Advanced.framework in Frameworks */,
			);
			runOnlyForDeploymentPostprocessing = 0;
		};
/* End PBXFrameworksBuildPhase section */

/* Begin PBXGroup section */
		2B66B3D128378FE7005BA3BF /* BeautyModel */ = {
			isa = PBXGroup;
			children = (
				2B66B3D228379002005BA3BF /* BeautyModel.h */,
				2B66B3D328379002005BA3BF /* BeautyModel.m */,
			);
			path = BeautyModel;
			sourceTree = "<group>";
		};
		2BA8023F27E2DE5700AFE337 /* RoomSettingCommon */ = {
			isa = PBXGroup;
			children = (
				2BA8024327E2DE5700AFE337 /* RoomSetting.h */,
				2BA8024127E2DE5700AFE337 /* RoomSetting.m */,
				2BA8024227E2DE5700AFE337 /* RoomSettingView.h */,
				2BA8024027E2DE5700AFE337 /* RoomSettingView.m */,
			);
			path = RoomSettingCommon;
			sourceTree = "<group>";
		};
		2BA8024427E2DE5700AFE337 /* BeautyCommon */ = {
			isa = PBXGroup;
			children = (
				2B66B3D128378FE7005BA3BF /* BeautyModel */,
				2BA8024827E2DE5700AFE337 /* VolcBeautyCommon */,
			);
			path = BeautyCommon;
			sourceTree = "<group>";
		};
		2BA8024827E2DE5700AFE337 /* VolcBeautyCommon */ = {
			isa = PBXGroup;
			children = (
				2BA8024A27E2DE5700AFE337 /* VolcBeautyCommon.h */,
				2BA8024927E2DE5700AFE337 /* VolcBeautyCommon.m */,
				2BA8024D27E2DE5700AFE337 /* EffectResource.h */,
				2BA8024E27E2DE5700AFE337 /* EffectResource.m */,
			);
			path = VolcBeautyCommon;
			sourceTree = "<group>";
		};
		2BA8025927E2DE9D00AFE337 /* NotifyCommon */ = {
			isa = PBXGroup;
			children = (
				2BA8025D27E2E26A00AFE337 /* NotifyCommon.h */,
				2BA8025E27E2E26A00AFE337 /* NotifyCommon.m */,
			);
			path = NotifyCommon;
			sourceTree = "<group>";
		};
		2BA8026327E3375E00AFE337 /* ToastComponents */ = {
			isa = PBXGroup;
			children = (
				2BA8026427E3375E00AFE337 /* ToastComponents.h */,
				2BA8026627E3375E00AFE337 /* ToastComponents.m */,
				2BA8026727E3375E00AFE337 /* ToastView.h */,
				2BA8026527E3375E00AFE337 /* ToastView.m */,
			);
			path = ToastComponents;
			sourceTree = "<group>";
		};
		2BA8026A27E3397500AFE337 /* DeviceInforTool */ = {
			isa = PBXGroup;
			children = (
				2BA8026B27E3397500AFE337 /* DeviceInforTool.h */,
				2BA8026C27E3397500AFE337 /* DeviceInforTool.m */,
			);
			path = DeviceInforTool;
			sourceTree = "<group>";
		};
		2BA8027127E47F9400AFE337 /* VirtualBackgroundImage */ = {
			isa = PBXGroup;
			children = (
				2BA8028A27E85F9E00AFE337 /* background.jpg */,
			);
			path = VirtualBackgroundImage;
			sourceTree = "<group>";
		};
		2BC1A92B27B6550900DD0557 /* Vender */ = {
			isa = PBXGroup;
			children = (
				2BA8026A27E3397500AFE337 /* DeviceInforTool */,
				2BA8026327E3375E00AFE337 /* ToastComponents */,
				2BC1A92C27B6550900DD0557 /* Masonry */,
			);
			path = Vender;
			sourceTree = "<group>";
		};
		2BC1A92C27B6550900DD0557 /* Masonry */ = {
			isa = PBXGroup;
			children = (
				2BC1A92D27B6550900DD0557 /* MASCompositeConstraint.h */,
				2BC1A92E27B6550900DD0557 /* NSLayoutConstraint+MASDebugAdditions.m */,
				2BC1A92F27B6550900DD0557 /* MASConstraint+Private.h */,
				2BC1A93027B6550900DD0557 /* MASLayoutConstraint.h */,
				2BC1A93127B6550900DD0557 /* NSArray+MASShorthandAdditions.h */,
				2BC1A93227B6550900DD0557 /* MASConstraintMaker.h */,
				2BC1A93327B6550900DD0557 /* View+MASAdditions.h */,
				2BC1A93427B6550900DD0557 /* NSArray+MASAdditions.h */,
				2BC1A93527B6550900DD0557 /* MASUtilities.h */,
				2BC1A93627B6550900DD0557 /* MASViewAttribute.h */,
				2BC1A93727B6550900DD0557 /* ViewController+MASAdditions.m */,
				2BC1A93827B6550900DD0557 /* MASViewConstraint.h */,
				2BC1A93927B6550900DD0557 /* MASConstraint.h */,
				2BC1A93A27B6550900DD0557 /* NSLayoutConstraint+MASDebugAdditions.h */,
				2BC1A93B27B6550900DD0557 /* MASCompositeConstraint.m */,
				2BC1A93C27B6550900DD0557 /* MASConstraintMaker.m */,
				2BC1A93D27B6550900DD0557 /* MASLayoutConstraint.m */,
				2BC1A93E27B6550900DD0557 /* NSArray+MASAdditions.m */,
				2BC1A93F27B6550900DD0557 /* View+MASAdditions.m */,
				2BC1A94027B6550900DD0557 /* View+MASShorthandAdditions.h */,
				2BC1A94127B6550900DD0557 /* Masonry.h */,
				2BC1A94227B6550900DD0557 /* MASConstraint.m */,
				2BC1A94327B6550900DD0557 /* ViewController+MASAdditions.h */,
				2BC1A94427B6550900DD0557 /* MASViewConstraint.m */,
				2BC1A94527B6550900DD0557 /* MASViewAttribute.m */,
			);
			path = Masonry;
			sourceTree = "<group>";
		};
		2BC1A94627B6550900DD0557 /* Feature */ = {
			isa = PBXGroup;
			children = (
				2BC1A9A227B658BC00DD0557 /* Login */,
				2BC1A99827B6569400DD0557 /* Pre */,
				2BC1A94727B6550900DD0557 /* Room */,
				2BC1A94E27B6550900DD0557 /* ExternalVideo */,
			);
			path = Feature;
			sourceTree = "<group>";
		};
		2BC1A94727B6550900DD0557 /* Room */ = {
			isa = PBXGroup;
			children = (
				2BC1A9BA27B662C000DD0557 /* Model */,
				2BC1A94827B6550900DD0557 /* Controller */,
				2BC1A94B27B6550900DD0557 /* View */,
			);
			path = Room;
			sourceTree = "<group>";
		};
		2BC1A94827B6550900DD0557 /* Controller */ = {
			isa = PBXGroup;
			children = (
				2BC1A94927B6550900DD0557 /* RoomViewController.h */,
				2BC1A94A27B6550900DD0557 /* RoomViewController.m */,
			);
			path = Controller;
			sourceTree = "<group>";
		};
		2BC1A94B27B6550900DD0557 /* View */ = {
			isa = PBXGroup;
			children = (
				2BC1A94D27B6550900DD0557 /* UserLiveView.h */,
				2BC1A94C27B6550900DD0557 /* UserLiveView.m */,
				2BC1A9B727B662B300DD0557 /* BeautyBarView.h */,
				2BC1A9B427B662B300DD0557 /* BeautyBarView.m */,
				2BC1A9B627B662B300DD0557 /* EffectButton.h */,
				2BC1A9B527B662B300DD0557 /* EffectButton.m */,
			);
			path = View;
			sourceTree = "<group>";
		};
		2BC1A94E27B6550900DD0557 /* ExternalVideo */ = {
			isa = PBXGroup;
			children = (
				2BC1A95227B6550900DD0557 /* CustomCameraCapture.h */,
				2BC1A94F27B6550900DD0557 /* CustomCameraCapture.m */,
				2BC1A95027B6550900DD0557 /* CustomFrameRender.h */,
				2BC1A95327B6550900DD0557 /* CustomFrameRender.m */,
				2BC1A95427B6550900DD0557 /* CustomVideoRenderView.h */,
				2BC1A95127B6550900DD0557 /* CustomVideoRenderView.m */,
			);
			path = ExternalVideo;
			sourceTree = "<group>";
		};
		2BC1A96927B6550900DD0557 /* Resource */ = {
			isa = PBXGroup;
			children = (
				2BA8027127E47F9400AFE337 /* VirtualBackgroundImage */,
			);
			path = Resource;
			sourceTree = "<group>";
		};
		2BC1A96E27B6550900DD0557 /* Common */ = {
			isa = PBXGroup;
			children = (
				2BA8025927E2DE9D00AFE337 /* NotifyCommon */,
				2BA8023F27E2DE5700AFE337 /* RoomSettingCommon */,
				2BA8024427E2DE5700AFE337 /* BeautyCommon */,
				2BC1A96F27B6550900DD0557 /* RoomSettingCommon */,
			);
			path = Common;
			sourceTree = "<group>";
		};
		2BC1A96F27B6550900DD0557 /* RoomSettingCommon */ = {
			isa = PBXGroup;
			children = (
				2BC1A97327B6550900DD0557 /* RoomSetting.h */,
				2BC1A97127B6550900DD0557 /* RoomSetting.m */,
				2BC1A97227B6550900DD0557 /* RoomSettingView.h */,
				2BC1A97027B6550900DD0557 /* RoomSettingView.m */,
			);
			path = RoomSettingCommon;
			sourceTree = "<group>";
		};
		2BC1A99827B6569400DD0557 /* Pre */ = {
			isa = PBXGroup;
			children = (
				2BC1A9A127B6576E00DD0557 /* View */,
				2BC1A99927B6569400DD0557 /* Controller */,
				2BC1A99C27B6569400DD0557 /* Model */,
			);
			name = Pre;
			path = Pre/Pre;
			sourceTree = "<group>";
		};
		2BC1A99927B6569400DD0557 /* Controller */ = {
			isa = PBXGroup;
			children = (
				2BC1A99B27B6569400DD0557 /* PreJoinSettingsViewController.h */,
				2BC1A99A27B6569400DD0557 /* PreJoinSettingsViewController.m */,
				2BE077E127E0866800166688 /* PreJoinNetViewController.h */,
				2BE077E227E0866800166688 /* PreJoinNetViewController.m */,
				2B893A3C27E1C685001A1B9E /* PreJoinNetResultViewController.h */,
				2B893A3D27E1C685001A1B9E /* PreJoinNetResultViewController.m */,
				2BA8026E27E4315A00AFE337 /* PreNotifyViewController.h */,
				2BA8026F27E4315A00AFE337 /* PreNotifyViewController.m */,
			);
			path = Controller;
			sourceTree = "<group>";
		};
		2BC1A99C27B6569400DD0557 /* Model */ = {
			isa = PBXGroup;
			children = (
				2BC1A96027B6550900DD0557 /* SettingBaseModel.h */,
				2BC1A96727B6550900DD0557 /* SettingBaseModel.m */,
				2BC1A95D27B6550900DD0557 /* SettingOptionArrayModel.h */,
				2BC1A96327B6550900DD0557 /* SettingOptionArrayModel.m */,
				2BC1A95F27B6550900DD0557 /* SettingSliderModel.h */,
				2BC1A96427B6550900DD0557 /* SettingSliderModel.m */,
				2BC1A96227B6550900DD0557 /* SettingSwitchModel.h */,
				2BC1A96827B6550900DD0557 /* SettingSwitchModel.m */,
				2BE077DE27E0810700166688 /* SettingButtonModel.h */,
				2BE077DF27E0810700166688 /* SettingButtonModel.m */,
				2B893A3F27E1C9A7001A1B9E /* SettingLabelModel.h */,
				2B893A4027E1C9A7001A1B9E /* SettingLabelModel.m */,
				2BE077E427E0893A00166688 /* SettingTextFieldModel.h */,
				2BE077E527E0893A00166688 /* SettingTextFieldModel.m */,
			);
			path = Model;
			sourceTree = "<group>";
		};
		2BC1A9A127B6576E00DD0557 /* View */ = {
			isa = PBXGroup;
			children = (
				2BC1A99E27B6569400DD0557 /* PreJoinSetting.h */,
				2BC1A99D27B6569400DD0557 /* PreJoinSetting.m */,
				2BC1A96127B6550900DD0557 /* SettingTableViewCell.h */,
				2BC1A96627B6550900DD0557 /* SettingTableViewCell.m */,
				2BC1A95E27B6550900DD0557 /* SettingView.h */,
				2BC1A96527B6550900DD0557 /* SettingView.m */,
			);
			path = View;
			sourceTree = "<group>";
		};
		2BC1A9A227B658BC00DD0557 /* Login */ = {
			isa = PBXGroup;
			children = (
				2BC1A9A427B658BC00DD0557 /* LoginViewController.h */,
				2BC1A9A327B658BC00DD0557 /* LoginViewController.m */,
			);
			name = Login;
			path = Pre/Login;
			sourceTree = "<group>";
		};
		2BC1A9BA27B662C000DD0557 /* Model */ = {
			isa = PBXGroup;
			children = (
				2BC1A9BB27B662C000DD0557 /* EffectModel.h */,
				2BC1A9BC27B662C000DD0557 /* EffectModel.m */,
			);
			path = Model;
			sourceTree = "<group>";
		};
		C5E107788B84D7333CC3453E /* Pods */ = {
			isa = PBXGroup;
			children = (
				3BE1A58E03A709961486F17D /* Pods-Advanced.debug.xcconfig */,
				9BB33BD86BD9FAC6A68B4200 /* Pods-Advanced.release.xcconfig */,
			);
			path = Pods;
			sourceTree = "<group>";
		};
		CC2AE8AE26CB6A21009D594D = {
			isa = PBXGroup;
			children = (
				CC2AE8B926CB6A21009D594D /* Advanced */,
				CC2AE8B826CB6A21009D594D /* Products */,
				CC2AE90826CCF39A009D594D /* Frameworks */,
				C5E107788B84D7333CC3453E /* Pods */,
			);
			sourceTree = "<group>";
		};
		CC2AE8B826CB6A21009D594D /* Products */ = {
			isa = PBXGroup;
			children = (
				CC2AE8B726CB6A21009D594D /* Advanced.app */,
			);
			name = Products;
			sourceTree = "<group>";
		};
		CC2AE8B926CB6A21009D594D /* Advanced */ = {
			isa = PBXGroup;
			children = (
				CC2AE8BA26CB6A21009D594D /* AppDelegate.h */,
				2BC1A9D927B66D2500DD0557 /* AppDelegate.mm */,
				CC2AE8D826CB6C9A009D594D /* Constants.h */,
				2BC1A94627B6550900DD0557 /* Feature */,
				2BC1A96E27B6550900DD0557 /* Common */,
				2BC1A96927B6550900DD0557 /* Resource */,
				2BC1A92B27B6550900DD0557 /* Vender */,
				CC2AE8C326CB6A21009D594D /* Main.storyboard */,
				CC2AE8C626CB6A24009D594D /* Assets.xcassets */,
				CC2AE8C826CB6A24009D594D /* LaunchScreen.storyboard */,
				CC2AE8CB26CB6A24009D594D /* Info.plist */,
				CC2AE8CC26CB6A24009D594D /* main.m */,
			);
			path = Advanced;
			sourceTree = "<group>";
		};
		CC2AE90826CCF39A009D594D /* Frameworks */ = {
			isa = PBXGroup;
			children = (
				2BA8027527E4891E00AFE337 /* VolcEngineRTC.xcframework */,
				2BC1A9D727B66BC200DD0557 /* ReplayKit.framework */,
				2BC1A9D527B66BBD00DD0557 /* SystemConfiguration.framework */,
				2BC1A9D327B66BB800DD0557 /* CoreTelephony.framework */,
				2BC1A9D127B66BAC00DD0557 /* VideoToolbox.framework */,
				2BC1A9CF27B66BA200DD0557 /* AVFoundation.framework */,
				2BC1A9CD27B66B9800DD0557 /* AudioToolbox.framework */,
				2BC1A9CB27B66B8E00DD0557 /* Accelerate.framework */,
				2BC1A9C927B66B8300DD0557 /* GLKit.framework */,
				2BC1A9C727B66B7700DD0557 /* MetalPerformanceShaders.framework */,
				2BC1A9C527B66B6A00DD0557 /* CoreMotion.framework */,
				2BC1A9C327B66B6200DD0557 /* libz.tbd */,
				2BC1A9C127B66B4100DD0557 /* CoreML.framework */,
				E40342C96D3A6495145AD60C /* Pods_Advanced.framework */,
			);
			name = Frameworks;
			sourceTree = "<group>";
		};
/* End PBXGroup section */

/* Begin PBXNativeTarget section */
		CC2AE8B626CB6A21009D594D /* Advanced */ = {
			isa = PBXNativeTarget;
			buildConfigurationList = CC2AE8D026CB6A24009D594D /* Build configuration list for PBXNativeTarget "Advanced" */;
			buildPhases = (
				FCD68A871D77D66C10F27757 /* [CP] Check Pods Manifest.lock */,
				CC2AE8B326CB6A21009D594D /* Sources */,
				CC2AE8B426CB6A21009D594D /* Frameworks */,
				CC2AE8B526CB6A21009D594D /* Resources */,
				CC5DF54726CFB3D000BE223E /* Embed Frameworks */,
			);
			buildRules = (
			);
			dependencies = (
			);
			name = Advanced;
			productName = quickstart;
			productReference = CC2AE8B726CB6A21009D594D /* Advanced.app */;
			productType = "com.apple.product-type.application";
		};
/* End PBXNativeTarget section */

/* Begin PBXProject section */
		CC2AE8AF26CB6A21009D594D /* Project object */ = {
			isa = PBXProject;
			attributes = {
				LastUpgradeCheck = 1300;
				TargetAttributes = {
					CC2AE8B626CB6A21009D594D = {
						CreatedOnToolsVersion = 12.5.1;
					};
				};
			};
			buildConfigurationList = CC2AE8B226CB6A21009D594D /* Build configuration list for PBXProject "Advanced" */;
			compatibilityVersion = "Xcode 9.3";
			developmentRegion = en;
			hasScannedForEncodings = 0;
			knownRegions = (
				en,
				Base,
			);
			mainGroup = CC2AE8AE26CB6A21009D594D;
			productRefGroup = CC2AE8B826CB6A21009D594D /* Products */;
			projectDirPath = "";
			projectRoot = "";
			targets = (
				CC2AE8B626CB6A21009D594D /* Advanced */,
			);
		};
/* End PBXProject section */

/* Begin PBXResourcesBuildPhase section */
		CC2AE8B526CB6A21009D594D /* Resources */ = {
			isa = PBXResourcesBuildPhase;
			buildActionMask = 2147483647;
			files = (
				CC2AE8CA26CB6A24009D594D /* LaunchScreen.storyboard in Resources */,
				CC2AE8C726CB6A24009D594D /* Assets.xcassets in Resources */,
				CC2AE8C526CB6A21009D594D /* Main.storyboard in Resources */,
				2BA8028B27E85F9E00AFE337 /* background.jpg in Resources */,
			);
			runOnlyForDeploymentPostprocessing = 0;
		};
/* End PBXResourcesBuildPhase section */

/* Begin PBXShellScriptBuildPhase section */
		FCD68A871D77D66C10F27757 /* [CP] Check Pods Manifest.lock */ = {
			isa = PBXShellScriptBuildPhase;
			buildActionMask = 2147483647;
			files = (
			);
			inputFileListPaths = (
			);
			inputPaths = (
				"${PODS_PODFILE_DIR_PATH}/Podfile.lock",
				"${PODS_ROOT}/Manifest.lock",
			);
			name = "[CP] Check Pods Manifest.lock";
			outputFileListPaths = (
			);
			outputPaths = (
				"$(DERIVED_FILE_DIR)/Pods-Advanced-checkManifestLockResult.txt",
			);
			runOnlyForDeploymentPostprocessing = 0;
			shellPath = /bin/sh;
			shellScript = "diff \"${PODS_PODFILE_DIR_PATH}/Podfile.lock\" \"${PODS_ROOT}/Manifest.lock\" > /dev/null\nif [ $? != 0 ] ; then\n    # print error to STDERR\n    echo \"error: The sandbox is not in sync with the Podfile.lock. Run 'pod install' or update your CocoaPods installation.\" >&2\n    exit 1\nfi\n# This output is used by Xcode 'outputs' to avoid re-running this script phase.\necho \"SUCCESS\" > \"${SCRIPT_OUTPUT_FILE_0}\"\n";
			showEnvVarsInLog = 0;
		};
/* End PBXShellScriptBuildPhase section */

/* Begin PBXSourcesBuildPhase section */
		CC2AE8B326CB6A21009D594D /* Sources */ = {
			isa = PBXSourcesBuildPhase;
			buildActionMask = 2147483647;
			files = (
				2BC1A9B827B662B300DD0557 /* BeautyBarView.m in Sources */,
				2BE077E627E0893A00166688 /* SettingTextFieldModel.m in Sources */,
				2BC1A98327B6550900DD0557 /* UserLiveView.m in Sources */,
				2BC1A98D27B6550900DD0557 /* SettingTableViewCell.m in Sources */,
				2BC1A9B927B662B300DD0557 /* EffectButton.m in Sources */,
				2BC1A99F27B6569400DD0557 /* PreJoinSettingsViewController.m in Sources */,
				2BC1A9BD27B662C000DD0557 /* EffectModel.m in Sources */,
				2BA8026D27E3397500AFE337 /* DeviceInforTool.m in Sources */,
				2BC1A9DA27B66D2500DD0557 /* AppDelegate.mm in Sources */,
				2BC1A9A527B658BC00DD0557 /* LoginViewController.m in Sources */,
				2BA8025027E2DE5700AFE337 /* RoomSettingView.m in Sources */,
				2BC1A98027B6550900DD0557 /* MASViewConstraint.m in Sources */,
				2BC1A98B27B6550900DD0557 /* SettingSliderModel.m in Sources */,
				CC2AE8CD26CB6A24009D594D /* main.m in Sources */,
				2BC1A98E27B6550900DD0557 /* SettingBaseModel.m in Sources */,
				2BC1A97927B6550900DD0557 /* ViewController+MASAdditions.m in Sources */,
				2BC1A97C27B6550900DD0557 /* MASLayoutConstraint.m in Sources */,
				2BC1A98127B6550900DD0557 /* MASViewAttribute.m in Sources */,
				2BC1A98627B6550900DD0557 /* CustomFrameRender.m in Sources */,
				2BA8026927E3375E00AFE337 /* ToastComponents.m in Sources */,
				2B66B3D428379002005BA3BF /* BeautyModel.m in Sources */,
				2BC1A98A27B6550900DD0557 /* SettingOptionArrayModel.m in Sources */,
				2BE077E027E0810700166688 /* SettingButtonModel.m in Sources */,
				2BC1A98F27B6550900DD0557 /* SettingSwitchModel.m in Sources */,
				2BC1A99327B6550900DD0557 /* RoomSetting.m in Sources */,
				2BA8027027E4315A00AFE337 /* PreNotifyViewController.m in Sources */,
				2BA8026827E3375E00AFE337 /* ToastView.m in Sources */,
				2BC1A97F27B6550900DD0557 /* MASConstraint.m in Sources */,
				2BC1A97D27B6550900DD0557 /* NSArray+MASAdditions.m in Sources */,
				2BC1A98427B6550900DD0557 /* CustomCameraCapture.m in Sources */,
				2BC1A97827B6550900DD0557 /* NSLayoutConstraint+MASDebugAdditions.m in Sources */,
				2BA8025427E2DE5700AFE337 /* EffectResource.m in Sources */,
				2BC1A98227B6550900DD0557 /* RoomViewController.m in Sources */,
				2BC1A9A027B6569400DD0557 /* PreJoinSetting.m in Sources */,
				2BC1A98C27B6550900DD0557 /* SettingView.m in Sources */,
				2BC1A97A27B6550900DD0557 /* MASCompositeConstraint.m in Sources */,
				2BE077E327E0866800166688 /* PreJoinNetViewController.m in Sources */,
				2B893A3E27E1C685001A1B9E /* PreJoinNetResultViewController.m in Sources */,
				2BA8025F27E2E26A00AFE337 /* NotifyCommon.m in Sources */,
				2BA8025327E2DE5700AFE337 /* VolcBeautyCommon.m in Sources */,
				2B893A4127E1C9A7001A1B9E /* SettingLabelModel.m in Sources */,
				2BC1A97B27B6550900DD0557 /* MASConstraintMaker.m in Sources */,
				2BC1A97E27B6550900DD0557 /* View+MASAdditions.m in Sources */,
				2BC1A98527B6550900DD0557 /* CustomVideoRenderView.m in Sources */,
			);
			runOnlyForDeploymentPostprocessing = 0;
		};
/* End PBXSourcesBuildPhase section */

/* Begin PBXVariantGroup section */
		CC2AE8C326CB6A21009D594D /* Main.storyboard */ = {
			isa = PBXVariantGroup;
			children = (
				CC2AE8C426CB6A21009D594D /* Base */,
			);
			name = Main.storyboard;
			sourceTree = "<group>";
		};
		CC2AE8C826CB6A24009D594D /* LaunchScreen.storyboard */ = {
			isa = PBXVariantGroup;
			children = (
				CC2AE8C926CB6A24009D594D /* Base */,
			);
			name = LaunchScreen.storyboard;
			sourceTree = "<group>";
		};
/* End PBXVariantGroup section */

/* Begin XCBuildConfiguration section */
		CC2AE8CE26CB6A24009D594D /* Debug */ = {
			isa = XCBuildConfiguration;
			buildSettings = {
				ALWAYS_SEARCH_USER_PATHS = NO;
				CLANG_ANALYZER_NONNULL = YES;
				CLANG_ANALYZER_NUMBER_OBJECT_CONVERSION = YES_AGGRESSIVE;
				CLANG_CXX_LANGUAGE_STANDARD = "gnu++14";
				CLANG_CXX_LIBRARY = "libc++";
				CLANG_ENABLE_MODULES = YES;
				CLANG_ENABLE_OBJC_ARC = YES;
				CLANG_ENABLE_OBJC_WEAK = YES;
				CLANG_WARN_BLOCK_CAPTURE_AUTORELEASING = YES;
				CLANG_WARN_BOOL_CONVERSION = YES;
				CLANG_WARN_COMMA = YES;
				CLANG_WARN_CONSTANT_CONVERSION = YES;
				CLANG_WARN_DEPRECATED_OBJC_IMPLEMENTATIONS = YES;
				CLANG_WARN_DIRECT_OBJC_ISA_USAGE = YES_ERROR;
				CLANG_WARN_DOCUMENTATION_COMMENTS = YES;
				CLANG_WARN_EMPTY_BODY = YES;
				CLANG_WARN_ENUM_CONVERSION = YES;
				CLANG_WARN_INFINITE_RECURSION = YES;
				CLANG_WARN_INT_CONVERSION = YES;
				CLANG_WARN_NON_LITERAL_NULL_CONVERSION = YES;
				CLANG_WARN_OBJC_IMPLICIT_RETAIN_SELF = YES;
				CLANG_WARN_OBJC_LITERAL_CONVERSION = YES;
				CLANG_WARN_OBJC_ROOT_CLASS = YES_ERROR;
				CLANG_WARN_QUOTED_INCLUDE_IN_FRAMEWORK_HEADER = YES;
				CLANG_WARN_RANGE_LOOP_ANALYSIS = YES;
				CLANG_WARN_STRICT_PROTOTYPES = YES;
				CLANG_WARN_SUSPICIOUS_MOVE = YES;
				CLANG_WARN_UNGUARDED_AVAILABILITY = YES_AGGRESSIVE;
				CLANG_WARN_UNREACHABLE_CODE = YES;
				CLANG_WARN__DUPLICATE_METHOD_MATCH = YES;
				COPY_PHASE_STRIP = NO;
				DEBUG_INFORMATION_FORMAT = dwarf;
				ENABLE_STRICT_OBJC_MSGSEND = YES;
				ENABLE_TESTABILITY = YES;
				GCC_C_LANGUAGE_STANDARD = gnu11;
				GCC_DYNAMIC_NO_PIC = NO;
				GCC_NO_COMMON_BLOCKS = YES;
				GCC_OPTIMIZATION_LEVEL = 0;
				GCC_PREPROCESSOR_DEFINITIONS = (
					"DEBUG=1",
					"$(inherited)",
				);
				GCC_WARN_64_TO_32_BIT_CONVERSION = YES;
				GCC_WARN_ABOUT_RETURN_TYPE = YES_ERROR;
				GCC_WARN_UNDECLARED_SELECTOR = YES;
				GCC_WARN_UNINITIALIZED_AUTOS = YES_AGGRESSIVE;
				GCC_WARN_UNUSED_FUNCTION = YES;
				GCC_WARN_UNUSED_VARIABLE = YES;
				IPHONEOS_DEPLOYMENT_TARGET = 14.5;
				MTL_ENABLE_DEBUG_INFO = INCLUDE_SOURCE;
				MTL_FAST_MATH = YES;
				ONLY_ACTIVE_ARCH = YES;
				SDKROOT = iphoneos;
			};
			name = Debug;
		};
		CC2AE8CF26CB6A24009D594D /* Release */ = {
			isa = XCBuildConfiguration;
			buildSettings = {
				ALWAYS_SEARCH_USER_PATHS = NO;
				CLANG_ANALYZER_NONNULL = YES;
				CLANG_ANALYZER_NUMBER_OBJECT_CONVERSION = YES_AGGRESSIVE;
				CLANG_CXX_LANGUAGE_STANDARD = "gnu++14";
				CLANG_CXX_LIBRARY = "libc++";
				CLANG_ENABLE_MODULES = YES;
				CLANG_ENABLE_OBJC_ARC = YES;
				CLANG_ENABLE_OBJC_WEAK = YES;
				CLANG_WARN_BLOCK_CAPTURE_AUTORELEASING = YES;
				CLANG_WARN_BOOL_CONVERSION = YES;
				CLANG_WARN_COMMA = YES;
				CLANG_WARN_CONSTANT_CONVERSION = YES;
				CLANG_WARN_DEPRECATED_OBJC_IMPLEMENTATIONS = YES;
				CLANG_WARN_DIRECT_OBJC_ISA_USAGE = YES_ERROR;
				CLANG_WARN_DOCUMENTATION_COMMENTS = YES;
				CLANG_WARN_EMPTY_BODY = YES;
				CLANG_WARN_ENUM_CONVERSION = YES;
				CLANG_WARN_INFINITE_RECURSION = YES;
				CLANG_WARN_INT_CONVERSION = YES;
				CLANG_WARN_NON_LITERAL_NULL_CONVERSION = YES;
				CLANG_WARN_OBJC_IMPLICIT_RETAIN_SELF = YES;
				CLANG_WARN_OBJC_LITERAL_CONVERSION = YES;
				CLANG_WARN_OBJC_ROOT_CLASS = YES_ERROR;
				CLANG_WARN_QUOTED_INCLUDE_IN_FRAMEWORK_HEADER = YES;
				CLANG_WARN_RANGE_LOOP_ANALYSIS = YES;
				CLANG_WARN_STRICT_PROTOTYPES = YES;
				CLANG_WARN_SUSPICIOUS_MOVE = YES;
				CLANG_WARN_UNGUARDED_AVAILABILITY = YES_AGGRESSIVE;
				CLANG_WARN_UNREACHABLE_CODE = YES;
				CLANG_WARN__DUPLICATE_METHOD_MATCH = YES;
				COPY_PHASE_STRIP = NO;
				DEBUG_INFORMATION_FORMAT = "dwarf-with-dsym";
				ENABLE_NS_ASSERTIONS = NO;
				ENABLE_STRICT_OBJC_MSGSEND = YES;
				GCC_C_LANGUAGE_STANDARD = gnu11;
				GCC_NO_COMMON_BLOCKS = YES;
				GCC_WARN_64_TO_32_BIT_CONVERSION = YES;
				GCC_WARN_ABOUT_RETURN_TYPE = YES_ERROR;
				GCC_WARN_UNDECLARED_SELECTOR = YES;
				GCC_WARN_UNINITIALIZED_AUTOS = YES_AGGRESSIVE;
				GCC_WARN_UNUSED_FUNCTION = YES;
				GCC_WARN_UNUSED_VARIABLE = YES;
				IPHONEOS_DEPLOYMENT_TARGET = 14.5;
				MTL_ENABLE_DEBUG_INFO = NO;
				MTL_FAST_MATH = YES;
				SDKROOT = iphoneos;
				VALIDATE_PRODUCT = YES;
			};
			name = Release;
		};
		CC2AE8D126CB6A24009D594D /* Debug */ = {
			isa = XCBuildConfiguration;
			baseConfigurationReference = 3BE1A58E03A709961486F17D /* Pods-Advanced.debug.xcconfig */;
			buildSettings = {
				ASSETCATALOG_COMPILER_APPICON_NAME = AppIcon;
				ASSETCATALOG_COMPILER_GLOBAL_ACCENT_COLOR_NAME = AccentColor;
				CODE_SIGN_IDENTITY = "iPhone Distribution";
				CODE_SIGN_STYLE = Manual;
				DEVELOPMENT_TEAM = XXHND5J98K;
				ENABLE_BITCODE = NO;
				FRAMEWORK_SEARCH_PATHS = (
					"\"$(SRCROOT)/Advanced/VolcEngineRTC\"",
					"$(PROJECT_DIR)/Advanced/VolcEngineRTC",
				);
				INFOPLIST_FILE = Advanced/Info.plist;
				IPHONEOS_DEPLOYMENT_TARGET = 12.0;
				LD_RUNPATH_SEARCH_PATHS = (
					"$(inherited)",
					"@executable_path/Frameworks",
				);
				LIBRARY_SEARCH_PATHS = (
					"$(inherited)",
					"$(PROJECT_DIR)/Advanced/VolcEngineRTC",
					"$(PROJECT_DIR)/Advanced/Core/libeffect-sdk",
					"$(PROJECT_DIR)",
				);
				MARKETING_VERSION = 4.0.0;
				OTHER_LDFLAGS = "";
				PRODUCT_BUNDLE_IDENTIFIER = com.ss.rtc.demo.advanced.ios;
				PRODUCT_NAME = "$(TARGET_NAME)";
				PROVISIONING_PROFILE_SPECIFIER = RTCAdvancedDis;
				STRIP_INSTALLED_PRODUCT = NO;
				STRIP_STYLE = "non-global";
				TARGETED_DEVICE_FAMILY = "1,2";
			};
			name = Debug;
		};
		CC2AE8D226CB6A24009D594D /* Release */ = {
			isa = XCBuildConfiguration;
			baseConfigurationReference = 9BB33BD86BD9FAC6A68B4200 /* Pods-Advanced.release.xcconfig */;
			buildSettings = {
				ASSETCATALOG_COMPILER_APPICON_NAME = AppIcon;
				ASSETCATALOG_COMPILER_GLOBAL_ACCENT_COLOR_NAME = AccentColor;
				CODE_SIGN_IDENTITY = "iPhone Distribution";
				CODE_SIGN_STYLE = Manual;
				DEVELOPMENT_TEAM = XXHND5J98K;
				ENABLE_BITCODE = NO;
				FRAMEWORK_SEARCH_PATHS = (
					"\"$(SRCROOT)/Advanced/VolcEngineRTC\"",
					"$(PROJECT_DIR)/Advanced/VolcEngineRTC",
				);
				INFOPLIST_FILE = Advanced/Info.plist;
				IPHONEOS_DEPLOYMENT_TARGET = 12.0;
				LD_RUNPATH_SEARCH_PATHS = (
					"$(inherited)",
					"@executable_path/Frameworks",
				);
				LIBRARY_SEARCH_PATHS = (
					"$(inherited)",
					"$(PROJECT_DIR)/Advanced/VolcEngineRTC",
					"$(PROJECT_DIR)/Advanced/Core/libeffect-sdk",
					"$(PROJECT_DIR)",
				);
				MARKETING_VERSION = 4.0.0;
				OTHER_LDFLAGS = "";
				PRODUCT_BUNDLE_IDENTIFIER = com.ss.rtc.demo.advanced.ios;
				PRODUCT_NAME = "$(TARGET_NAME)";
				PROVISIONING_PROFILE_SPECIFIER = RTCAdvancedDis;
				STRIP_STYLE = "non-global";
				TARGETED_DEVICE_FAMILY = "1,2";
			};
			name = Release;
		};
/* End XCBuildConfiguration section */

/* Begin XCConfigurationList section */
		CC2AE8B226CB6A21009D594D /* Build configuration list for PBXProject "Advanced" */ = {
			isa = XCConfigurationList;
			buildConfigurations = (
				CC2AE8CE26CB6A24009D594D /* Debug */,
				CC2AE8CF26CB6A24009D594D /* Release */,
			);
			defaultConfigurationIsVisible = 0;
			defaultConfigurationName = Release;
		};
		CC2AE8D026CB6A24009D594D /* Build configuration list for PBXNativeTarget "Advanced" */ = {
			isa = XCConfigurationList;
			buildConfigurations = (
				CC2AE8D126CB6A24009D594D /* Debug */,
				CC2AE8D226CB6A24009D594D /* Release */,
			);
			defaultConfigurationIsVisible = 0;
			defaultConfigurationName = Release;
		};
/* End XCConfigurationList section */
	};
	rootObject = CC2AE8AF26CB6A21009D594D /* Project object */;
}
